{"format_version":"1.0","provider_schemas":{"registry.terraform.io/zitadel/zitadel":{"provider":{"version":0,"block":{"attributes":{"domain":{"type":"string","description":"Domain used to connect to the ZITADEL instance","description_kind":"plain","required":true},"insecure":{"type":"bool","description":"Use insecure connection","description_kind":"plain","optional":true},"jwt_profile_file":{"type":"string","description":"Path to the file containing credentials to connect to ZITADEL. Either 'jwt_profile_file' or 'jwt_profile_json' is required","description_kind":"plain","optional":true},"jwt_profile_json":{"type":"string","description":"JSON value of credentials to connect to ZITADEL. Either 'jwt_profile_file' or 'jwt_profile_json' is required","description_kind":"plain","optional":true},"port":{"type":"string","description":"Used port if not the default ports 80 or 443 are configured","description_kind":"plain","optional":true},"token":{"type":"string","description":"Path to the file containing credentials to connect to ZITADEL","description_kind":"plain","optional":true}},"description_kind":"plain"}},"resource_schemas":{"zitadel_action":{"version":0,"block":{"attributes":{"allowed_to_fail":{"type":"bool","description":"when true, the next action will be called even if this action fails","description_kind":"plain","required":true},"id":{"type":"string","description_kind":"plain","optional":true,"computed":true},"name":{"type":"string","description_kind":"plain","required":true},"org_id":{"type":"string","description":"ID of the organization","description_kind":"plain","optional":true},"script":{"type":"string","description_kind":"plain","required":true},"state":{"type":"number","description":"the state of the action","description_kind":"plain","computed":true},"timeout":{"type":"string","description":"after which time the action will be terminated if not finished","description_kind":"plain","required":true}},"description":"Resource representing an action belonging to an organization.","description_kind":"plain"}},"zitadel_application_api":{"version":0,"block":{"attributes":{"auth_method_type":{"type":"string","description":"Auth method type, supported values: API_AUTH_METHOD_TYPE_BASIC, API_AUTH_METHOD_TYPE_PRIVATE_KEY_JWT","description_kind":"plain","optional":true},"client_id":{"type":"string","description":"generated ID for this config","description_kind":"plain","computed":true,"sensitive":true},"client_secret":{"type":"string","description":"generated secret for this config","description_kind":"plain","computed":true,"sensitive":true},"id":{"type":"string","description_kind":"plain","optional":true,"computed":true},"name":{"type":"string","description":"Name of the application","description_kind":"plain","required":true},"org_id":{"type":"string","description":"ID of the organization","description_kind":"plain","optional":true},"project_id":{"type":"string","description":"ID of the project","description_kind":"plain","required":true}},"description":"Resource representing an API application belonging to a project, with all configuration possibilities.","description_kind":"plain"}},"zitadel_application_key":{"version":0,"block":{"attributes":{"app_id":{"type":"string","description":"ID of the application","description_kind":"plain","required":true},"expiration_date":{"type":"string","description":"Expiration date of the app key in the RFC3339 format","description_kind":"plain","required":true},"id":{"type":"string","description_kind":"plain","optional":true,"computed":true},"key_details":{"type":"string","description":"Value of the app key","description_kind":"plain","computed":true,"sensitive":true},"key_type":{"type":"string","description":"Type of the app key, supported values: KEY_TYPE_UNSPECIFIED, KEY_TYPE_JSON","description_kind":"plain","required":true},"org_id":{"type":"string","description":"ID of the organization","description_kind":"plain","optional":true},"project_id":{"type":"string","description":"ID of the project","description_kind":"plain","required":true}},"description":"Resource representing a app key","description_kind":"plain"}},"zitadel_application_oidc":{"version":0,"block":{"attributes":{"access_token_role_assertion":{"type":"bool","description":"Access token role assertion","description_kind":"plain","optional":true},"access_token_type":{"type":"string","description":"Access token type, supported values: OIDC_TOKEN_TYPE_BEARER, OIDC_TOKEN_TYPE_JWT","description_kind":"plain","optional":true},"additional_origins":{"type":["list","string"],"description":"Additional origins","description_kind":"plain","optional":true},"app_type":{"type":"string","description":"App type, supported values: OIDC_APP_TYPE_WEB, OIDC_APP_TYPE_USER_AGENT, OIDC_APP_TYPE_NATIVE","description_kind":"plain","optional":true},"auth_method_type":{"type":"string","description":"Auth method type, supported values: OIDC_AUTH_METHOD_TYPE_BASIC, OIDC_AUTH_METHOD_TYPE_POST, OIDC_AUTH_METHOD_TYPE_NONE, OIDC_AUTH_METHOD_TYPE_PRIVATE_KEY_JWT","description_kind":"plain","optional":true},"client_id":{"type":"string","description":"generated ID for this config","description_kind":"plain","computed":true,"sensitive":true},"client_secret":{"type":"string","description":"generated secret for this config","description_kind":"plain","computed":true,"sensitive":true},"clock_skew":{"type":"string","description":"Clockskew","description_kind":"plain","optional":true},"dev_mode":{"type":"bool","description":"Dev mode","description_kind":"plain","optional":true},"grant_types":{"type":["list","string"],"description":"Grant types, supported values: OIDC_GRANT_TYPE_AUTHORIZATION_CODE, OIDC_GRANT_TYPE_IMPLICIT, OIDC_GRANT_TYPE_REFRESH_TOKEN, OIDC_GRANT_TYPE_DEVICE_CODE, OIDC_GRANT_TYPE_TOKEN_EXCHANGE","description_kind":"plain","required":true},"id":{"type":"string","description_kind":"plain","optional":true,"computed":true},"id_token_role_assertion":{"type":"bool","description":"ID token role assertion","description_kind":"plain","optional":true},"id_token_userinfo_assertion":{"type":"bool","description":"Token userinfo assertion","description_kind":"plain","optional":true},"name":{"type":"string","description":"Name of the application","description_kind":"plain","required":true},"org_id":{"type":"string","description":"ID of the organization","description_kind":"plain","optional":true},"post_logout_redirect_uris":{"type":["list","string"],"description":"Post logout redirect URIs","description_kind":"plain","optional":true},"project_id":{"type":"string","description":"ID of the project","description_kind":"plain","required":true},"redirect_uris":{"type":["list","string"],"description":"RedirectURIs","description_kind":"plain","required":true},"response_types":{"type":["list","string"],"description":"Response type, supported values: OIDC_RESPONSE_TYPE_CODE, OIDC_RESPONSE_TYPE_ID_TOKEN, OIDC_RESPONSE_TYPE_ID_TOKEN_TOKEN","description_kind":"plain","required":true},"version":{"type":"string","description":"Version, supported values: OIDC_VERSION_1_0","description_kind":"plain","optional":true}},"description":"Resource representing an OIDC application belonging to a project, with all configuration possibilities.","description_kind":"plain"}},"zitadel_application_saml":{"version":0,"block":{"attributes":{"id":{"type":"string","description_kind":"plain","optional":true,"computed":true},"metadata_xml":{"type":"string","description":"Metadata as XML file","description_kind":"plain","required":true,"sensitive":true},"name":{"type":"string","description":"Name of the application","description_kind":"plain","required":true},"org_id":{"type":"string","description":"ID of the organization","description_kind":"plain","optional":true},"project_id":{"type":"string","description":"ID of the project","description_kind":"plain","required":true}},"description":"Resource representing a SAML application belonging to a project, with all configuration possibilities.","description_kind":"plain"}},"zitadel_default_domain_claimed_message_text":{"version":0,"block":{"attributes":{"button_text":{"type":"string","description_kind":"plain","optional":true},"footer_text":{"type":"string","description_kind":"plain","optional":true},"greeting":{"type":"string","description_kind":"plain","optional":true},"id":{"type":"string","description_kind":"plain","computed":true},"language":{"type":"string","description_kind":"plain","required":true},"pre_header":{"type":"string","description_kind":"plain","optional":true},"subject":{"type":"string","description_kind":"plain","optional":true},"text":{"type":"string","description_kind":"plain","optional":true},"title":{"type":"string","description_kind":"plain","optional":true}},"description_kind":"plain"}},"zitadel_default_domain_policy":{"version":0,"block":{"attributes":{"id":{"type":"string","description_kind":"plain","optional":true,"computed":true},"smtp_sender_address_matches_instance_domain":{"type":"bool","description_kind":"plain","required":true},"user_login_must_be_domain":{"type":"bool","description":"User login must be domain","description_kind":"plain","required":true},"validate_org_domains":{"type":"bool","description":"Validate organization domains","description_kind":"plain","required":true}},"description":"Resource representing the default domain policy.","description_kind":"plain"}},"zitadel_default_init_message_text":{"version":0,"block":{"attributes":{"button_text":{"type":"string","description_kind":"plain","optional":true},"footer_text":{"type":"string","description_kind":"plain","optional":true},"greeting":{"type":"string","description_kind":"plain","optional":true},"id":{"type":"string","description_kind":"plain","computed":true},"language":{"type":"string","description_kind":"plain","required":true},"pre_header":{"type":"string","description_kind":"plain","optional":true},"subject":{"type":"string","description_kind":"plain","optional":true},"text":{"type":"string","description_kind":"plain","optional":true},"title":{"type":"string","description_kind":"plain","optional":true}},"description_kind":"plain"}},"zitadel_default_label_policy":{"version":0,"block":{"attributes":{"background_color":{"type":"string","description":"hex value for background color","description_kind":"plain","required":true},"background_color_dark":{"type":"string","description":"hex value for background color dark theme","description_kind":"plain","required":true},"disable_watermark":{"type":"bool","description":"disable watermark","description_kind":"plain","required":true},"font_color":{"type":"string","description":"hex value for font color","description_kind":"plain","required":true},"font_color_dark":{"type":"string","description":"hex value for font color dark theme","description_kind":"plain","required":true},"font_hash":{"type":"string","description_kind":"plain","optional":true},"font_path":{"type":"string","description_kind":"plain","optional":true},"font_url":{"type":"string","description_kind":"plain","computed":true},"hide_login_name_suffix":{"type":"bool","description":"hides the org suffix on the login form if the scope \"urn:zitadel:iam:org:domain:primary:{domainname}\" is set. Details about this scope in https://zitadel.ch/docs/concepts#Reserved_Scopes","description_kind":"plain","required":true},"icon_dark_hash":{"type":"string","description_kind":"plain","optional":true},"icon_dark_path":{"type":"string","description_kind":"plain","optional":true},"icon_hash":{"type":"string","description_kind":"plain","optional":true},"icon_path":{"type":"string","description_kind":"plain","optional":true},"icon_url":{"type":"string","description_kind":"plain","computed":true},"icon_url_dark":{"type":"string","description_kind":"plain","computed":true},"id":{"type":"string","description_kind":"plain","optional":true,"computed":true},"logo_dark_hash":{"type":"string","description_kind":"plain","optional":true},"logo_dark_path":{"type":"string","description_kind":"plain","optional":true},"logo_hash":{"type":"string","description_kind":"plain","optional":true},"logo_path":{"type":"string","description_kind":"plain","optional":true},"logo_url":{"type":"string","description_kind":"plain","computed":true},"logo_url_dark":{"type":"string","description_kind":"plain","computed":true},"primary_color":{"type":"string","description":"hex value for primary color","description_kind":"plain","required":true},"primary_color_dark":{"type":"string","description":"hex value for primary color dark theme","description_kind":"plain","required":true},"set_active":{"type":"bool","description":"set the label policy active after creating/updating","description_kind":"plain","optional":true},"theme_mode":{"type":"string","description":"theme mode, supported values: THEME_MODE_UNSPECIFIED, THEME_MODE_AUTO, THEME_MODE_DARK, THEME_MODE_LIGHT","description_kind":"plain","optional":true},"warn_color":{"type":"string","description":"hex value for warn color","description_kind":"plain","required":true},"warn_color_dark":{"type":"string","description":"hex value for warn color dark theme","description_kind":"plain","required":true}},"description":"Resource representing the default label policy.","description_kind":"plain"}},"zitadel_default_lockout_policy":{"version":0,"block":{"attributes":{"id":{"type":"string","description_kind":"plain","optional":true,"computed":true},"max_password_attempts":{"type":"number","description":"Maximum password check attempts before the account gets locked. Attempts are reset as soon as the password is entered correctly or the password is reset.","description_kind":"plain","required":true}},"description":"Resource representing the default lockout policy.","description_kind":"plain"}},"zitadel_default_login_policy":{"version":0,"block":{"attributes":{"allow_domain_discovery":{"type":"bool","description":"if set to true, the suffix (@domain.com) of an unknown username input on the login screen will be matched against the org domains and will redirect to the registration of that organisation on success.","description_kind":"plain","optional":true},"allow_external_idp":{"type":"bool","description":"defines if a user is allowed to add a defined identity provider. E.g. Google auth","description_kind":"plain","required":true},"allow_register":{"type":"bool","description":"defines if a person is allowed to register a user on this organisation","description_kind":"plain","required":true},"default_redirect_uri":{"type":"string","description":"defines where the user will be redirected to if the login is started without app context (e.g. from mail)","description_kind":"plain","required":true},"disable_login_with_email":{"type":"bool","description":"defines if user can additionally (to the loginname) be identified by their verified email address","description_kind":"plain","optional":true},"disable_login_with_phone":{"type":"bool","description":"defines if user can additionally (to the loginname) be identified by their verified phone number","description_kind":"plain","optional":true},"external_login_check_lifetime":{"type":"string","description_kind":"plain","required":true},"force_mfa":{"type":"bool","description":"defines if a user MUST use a multi factor to log in","description_kind":"plain","required":true},"force_mfa_local_only":{"type":"bool","description":"if activated, ZITADEL only enforces MFA on local authentications. On authentications through MFA, ZITADEL won't prompt for MFA.","description_kind":"plain","required":true},"hide_password_reset":{"type":"bool","description":"defines if password reset link should be shown in the login screen","description_kind":"plain","required":true},"id":{"type":"string","description_kind":"plain","optional":true,"computed":true},"idps":{"type":["set","string"],"description":"allowed idps to login or register","description_kind":"plain","optional":true},"ignore_unknown_usernames":{"type":"bool","description":"defines if unknown username on login screen directly return an error or always display the password screen","description_kind":"plain","required":true},"mfa_init_skip_lifetime":{"type":"string","description_kind":"plain","required":true},"multi_factor_check_lifetime":{"type":"string","description_kind":"plain","required":true},"multi_factors":{"type":["set","string"],"description":"allowed multi factors","description_kind":"plain","optional":true},"password_check_lifetime":{"type":"string","description_kind":"plain","required":true},"passwordless_type":{"type":"string","description":"defines if passwordless is allowed for users","description_kind":"plain","required":true},"second_factor_check_lifetime":{"type":"string","description_kind":"plain","required":true},"second_factors":{"type":["set","string"],"description":"allowed second factors","description_kind":"plain","optional":true},"user_login":{"type":"bool","description":"defines if a user is allowed to login with his username and password","description_kind":"plain","required":true}},"description":"Resource representing the default login policy.","description_kind":"plain"}},"zitadel_default_login_texts":{"version":0,"block":{"attributes":{"email_verification_done_text":{"nested_type":{"attributes":{"cancel_button_text":{"type":"string","description_kind":"plain","optional":true},"description":{"type":"string","description_kind":"plain","optional":true},"login_button_text":{"type":"string","description_kind":"plain","optional":true},"next_button_text":{"type":"string","description_kind":"plain","optional":true},"title":{"type":"string","description_kind":"plain","optional":true}},"nesting_mode":"single"},"description_kind":"plain","optional":true},"email_verification_text":{"nested_type":{"attributes":{"code_label":{"type":"string","description_kind":"plain","optional":true},"description":{"type":"string","description_kind":"plain","optional":true},"next_button_text":{"type":"string","description_kind":"plain","optional":true},"resend_button_text":{"type":"string","description_kind":"plain","optional":true},"title":{"type":"string","description_kind":"plain","optional":true}},"nesting_mode":"single"},"description_kind":"plain","optional":true},"external_registration_user_overview_text":{"nested_type":{"attributes":{"back_button_text":{"type":"string","description_kind":"plain","optional":true},"description":{"type":"string","description_kind":"plain","optional":true},"email_label":{"type":"string","description_kind":"plain","optional":true},"firstname_label":{"type":"string","description_kind":"plain","optional":true},"language_label":{"type":"string","description_kind":"plain","optional":true},"lastname_label":{"type":"string","description_kind":"plain","optional":true},"next_button_text":{"type":"string","description_kind":"plain","optional":true},"nickname_label":{"type":"string","description_kind":"plain","optional":true},"phone_label":{"type":"string","description_kind":"plain","optional":true},"privacy_confirm":{"type":"string","description_kind":"plain","optional":true},"privacy_link_text":{"type":"string","description_kind":"plain","optional":true},"title":{"type":"string","description_kind":"plain","optional":true},"tos_and_privacy_label":{"type":"string","description_kind":"plain","optional":true},"tos_confirm":{"type":"string","description_kind":"plain","optional":true},"tos_link_text":{"type":"string","description_kind":"plain","optional":true},"username_label":{"type":"string","description_kind":"plain","optional":true}},"nesting_mode":"single"},"description_kind":"plain","optional":true},"external_user_not_found_text":{"nested_type":{"attributes":{"auto_register_button_text":{"type":"string","description_kind":"plain","optional":true},"description":{"type":"string","description_kind":"plain","optional":true},"link_button_text":{"type":"string","description_kind":"plain","optional":true},"privacy_confirm":{"type":"string","description_kind":"plain","optional":true},"privacy_link_text":{"type":"string","description_kind":"plain","optional":true},"title":{"type":"string","description_kind":"plain","optional":true},"tos_and_privacy_label":{"type":"string","description_kind":"plain","optional":true},"tos_confirm":{"type":"string","description_kind":"plain","optional":true},"tos_link_text":{"type":"string","description_kind":"plain","optional":true}},"nesting_mode":"single"},"description_kind":"plain","optional":true},"footer_text":{"nested_type":{"attributes":{"help":{"type":"string","description_kind":"plain","optional":true},"privacy_policy":{"type":"string","description_kind":"plain","optional":true},"support_email":{"type":"string","description_kind":"plain","optional":true},"tos":{"type":"string","description_kind":"plain","optional":true}},"nesting_mode":"single"},"description_kind":"plain","optional":true},"id":{"type":"string","description_kind":"plain","computed":true},"init_mfa_done_text":{"nested_type":{"attributes":{"cancel_button_text":{"type":"string","description_kind":"plain","optional":true},"description":{"type":"string","description_kind":"plain","optional":true},"next_button_text":{"type":"string","description_kind":"plain","optional":true},"title":{"type":"string","description_kind":"plain","optional":true}},"nesting_mode":"single"},"description_kind":"plain","optional":true},"init_mfa_otp_text":{"nested_type":{"attributes":{"cancel_button_text":{"type":"string","description_kind":"plain","optional":true},"code_label":{"type":"string","description_kind":"plain","optional":true},"description":{"type":"string","description_kind":"plain","optional":true},"description_otp":{"type":"string","description_kind":"plain","optional":true},"next_button_text":{"type":"string","description_kind":"plain","optional":true},"secret_label":{"type":"string","description_kind":"plain","optional":true},"title":{"type":"string","description_kind":"plain","optional":true}},"nesting_mode":"single"},"description_kind":"plain","optional":true},"init_mfa_prompt_text":{"nested_type":{"attributes":{"description":{"type":"string","description_kind":"plain","optional":true},"next_button_text":{"type":"string","description_kind":"plain","optional":true},"otp_option":{"type":"string","description_kind":"plain","optional":true},"skip_button_text":{"type":"string","description_kind":"plain","optional":true},"title":{"type":"string","description_kind":"plain","optional":true},"u2f_option":{"type":"string","description_kind":"plain","optional":true}},"nesting_mode":"single"},"description_kind":"plain","optional":true},"init_mfa_u2f_text":{"nested_type":{"attributes":{"description":{"type":"string","description_kind":"plain","optional":true},"error_retry":{"type":"string","description_kind":"plain","optional":true},"not_supported":{"type":"string","description_kind":"plain","optional":true},"register_token_button_text":{"type":"string","description_kind":"plain","optional":true},"title":{"type":"string","description_kind":"plain","optional":true},"token_name_label":{"type":"string","description_kind":"plain","optional":true}},"nesting_mode":"single"},"description_kind":"plain","optional":true},"init_password_done_text":{"nested_type":{"attributes":{"cancel_button_text":{"type":"string","description_kind":"plain","optional":true},"description":{"type":"string","description_kind":"plain","optional":true},"next_button_text":{"type":"string","description_kind":"plain","optional":true},"title":{"type":"string","description_kind":"plain","optional":true}},"nesting_mode":"single"},"description_kind":"plain","optional":true},"init_password_text":{"nested_type":{"attributes":{"code_label":{"type":"string","description_kind":"plain","optional":true},"description":{"type":"string","description_kind":"plain","optional":true},"new_password_confirm_label":{"type":"string","description_kind":"plain","optional":true},"new_password_label":{"type":"string","description_kind":"plain","optional":true},"next_button_text":{"type":"string","description_kind":"plain","optional":true},"resend_button_text":{"type":"string","description_kind":"plain","optional":true},"title":{"type":"string","description_kind":"plain","optional":true}},"nesting_mode":"single"},"description_kind":"plain","optional":true},"initialize_done_text":{"nested_type":{"attributes":{"cancel_button_text":{"type":"string","description_kind":"plain","optional":true},"description":{"type":"string","description_kind":"plain","optional":true},"next_button_text":{"type":"string","description_kind":"plain","optional":true},"title":{"type":"string","description_kind":"plain","optional":true}},"nesting_mode":"single"},"description_kind":"plain","optional":true},"initialize_user_text":{"nested_type":{"attributes":{"code_label":{"type":"string","description_kind":"plain","optional":true},"description":{"type":"string","description_kind":"plain","optional":true},"new_password_confirm_label":{"type":"string","description_kind":"plain","optional":true},"new_password_label":{"type":"string","description_kind":"plain","optional":true},"next_button_text":{"type":"string","description_kind":"plain","optional":true},"resend_button_text":{"type":"string","description_kind":"plain","optional":true},"title":{"type":"string","description_kind":"plain","optional":true}},"nesting_mode":"single"},"description_kind":"plain","optional":true},"language":{"type":"string","description_kind":"plain","required":true},"linking_user_done_text":{"nested_type":{"attributes":{"cancel_button_text":{"type":"string","description_kind":"plain","optional":true},"description":{"type":"string","description_kind":"plain","optional":true},"next_button_text":{"type":"string","description_kind":"plain","optional":true},"title":{"type":"string","description_kind":"plain","optional":true}},"nesting_mode":"single"},"description_kind":"plain","optional":true},"linking_user_prompt_text":{"nested_type":{"attributes":{"description":{"type":"string","description_kind":"plain","optional":true},"link_button_text":{"type":"string","description_kind":"plain","optional":true},"other_button_text":{"type":"string","description_kind":"plain","optional":true},"title":{"type":"string","description_kind":"plain","optional":true}},"nesting_mode":"single"},"description_kind":"plain","optional":true},"login_text":{"nested_type":{"attributes":{"description":{"type":"string","description_kind":"plain","optional":true},"description_linking_process":{"type":"string","description_kind":"plain","optional":true},"external_user_description":{"type":"string","description_kind":"plain","optional":true},"login_name_label":{"type":"string","description_kind":"plain","optional":true},"login_name_placeholder":{"type":"string","description_kind":"plain","optional":true},"next_button_text":{"type":"string","description_kind":"plain","optional":true},"register_button_text":{"type":"string","description_kind":"plain","optional":true},"title":{"type":"string","description_kind":"plain","optional":true},"title_linking_process":{"type":"string","description_kind":"plain","optional":true},"user_must_be_member_of_org":{"type":"string","description_kind":"plain","optional":true},"user_name_placeholder":{"type":"string","description_kind":"plain","optional":true}},"nesting_mode":"single"},"description_kind":"plain","optional":true},"logout_text":{"nested_type":{"attributes":{"description":{"type":"string","description_kind":"plain","optional":true},"login_button_text":{"type":"string","description_kind":"plain","optional":true},"title":{"type":"string","description_kind":"plain","optional":true}},"nesting_mode":"single"},"description_kind":"plain","optional":true},"mfa_providers_text":{"nested_type":{"attributes":{"choose_other":{"type":"string","description_kind":"plain","optional":true},"otp":{"type":"string","description_kind":"plain","optional":true},"u2f":{"type":"string","description_kind":"plain","optional":true}},"nesting_mode":"single"},"description_kind":"plain","optional":true},"password_change_done_text":{"nested_type":{"attributes":{"description":{"type":"string","description_kind":"plain","optional":true},"next_button_text":{"type":"string","description_kind":"plain","optional":true},"title":{"type":"string","description_kind":"plain","optional":true}},"nesting_mode":"single"},"description_kind":"plain","optional":true},"password_change_text":{"nested_type":{"attributes":{"cancel_button_text":{"type":"string","description_kind":"plain","optional":true},"description":{"type":"string","description_kind":"plain","optional":true},"expired_description":{"type":"string","description_kind":"plain","optional":true},"new_password_confirm_label":{"type":"string","description_kind":"plain","optional":true},"new_password_label":{"type":"string","description_kind":"plain","optional":true},"next_button_text":{"type":"string","description_kind":"plain","optional":true},"old_password_label":{"type":"string","description_kind":"plain","optional":true},"title":{"type":"string","description_kind":"plain","optional":true}},"nesting_mode":"single"},"description_kind":"plain","optional":true},"password_reset_done_text":{"nested_type":{"attributes":{"description":{"type":"string","description_kind":"plain","optional":true},"next_button_text":{"type":"string","description_kind":"plain","optional":true},"title":{"type":"string","description_kind":"plain","optional":true}},"nesting_mode":"single"},"description_kind":"plain","optional":true},"password_text":{"nested_type":{"attributes":{"back_button_text":{"type":"string","description_kind":"plain","optional":true},"confirmation":{"type":"string","description_kind":"plain","optional":true},"description":{"type":"string","description_kind":"plain","optional":true},"has_lowercase":{"type":"string","description_kind":"plain","optional":true},"has_number":{"type":"string","description_kind":"plain","optional":true},"has_symbol":{"type":"string","description_kind":"plain","optional":true},"has_uppercase":{"type":"string","description_kind":"plain","optional":true},"min_length":{"type":"string","description_kind":"plain","optional":true},"next_button_text":{"type":"string","description_kind":"plain","optional":true},"password_label":{"type":"string","description_kind":"plain","optional":true},"reset_link_text":{"type":"string","description_kind":"plain","optional":true},"title":{"type":"string","description_kind":"plain","optional":true}},"nesting_mode":"single"},"description_kind":"plain","optional":true},"passwordless_prompt_text":{"nested_type":{"attributes":{"description":{"type":"string","description_kind":"plain","optional":true},"description_init":{"type":"string","description_kind":"plain","optional":true},"next_button_text":{"type":"string","description_kind":"plain","optional":true},"passwordless_button_text":{"type":"string","description_kind":"plain","optional":true},"skip_button_text":{"type":"string","description_kind":"plain","optional":true},"title":{"type":"string","description_kind":"plain","optional":true}},"nesting_mode":"single"},"description_kind":"plain","optional":true},"passwordless_registration_done_text":{"nested_type":{"attributes":{"cancel_button_text":{"type":"string","description_kind":"plain","optional":true},"description":{"type":"string","description_kind":"plain","optional":true},"description_close":{"type":"string","description_kind":"plain","optional":true},"next_button_text":{"type":"string","description_kind":"plain","optional":true},"title":{"type":"string","description_kind":"plain","optional":true}},"nesting_mode":"single"},"description_kind":"plain","optional":true},"passwordless_registration_text":{"nested_type":{"attributes":{"description":{"type":"string","description_kind":"plain","optional":true},"error_retry":{"type":"string","description_kind":"plain","optional":true},"not_supported":{"type":"string","description_kind":"plain","optional":true},"register_token_button_text":{"type":"string","description_kind":"plain","optional":true},"title":{"type":"string","description_kind":"plain","optional":true},"token_name_label":{"type":"string","description_kind":"plain","optional":true}},"nesting_mode":"single"},"description_kind":"plain","optional":true},"passwordless_text":{"nested_type":{"attributes":{"description":{"type":"string","description_kind":"plain","optional":true},"error_retry":{"type":"string","description_kind":"plain","optional":true},"login_with_pw_button_text":{"type":"string","description_kind":"plain","optional":true},"not_supported":{"type":"string","description_kind":"plain","optional":true},"title":{"type":"string","description_kind":"plain","optional":true},"validate_token_button_text":{"type":"string","description_kind":"plain","optional":true}},"nesting_mode":"single"},"description_kind":"plain","optional":true},"registration_option_text":{"nested_type":{"attributes":{"description":{"type":"string","description_kind":"plain","optional":true},"external_login_description":{"type":"string","description_kind":"plain","optional":true},"login_button_text":{"type":"string","description_kind":"plain","optional":true},"title":{"type":"string","description_kind":"plain","optional":true},"user_name_button_text":{"type":"string","description_kind":"plain","optional":true}},"nesting_mode":"single"},"description_kind":"plain","optional":true},"registration_org_text":{"nested_type":{"attributes":{"description":{"type":"string","description_kind":"plain","optional":true},"email_label":{"type":"string","description_kind":"plain","optional":true},"firstname_label":{"type":"string","description_kind":"plain","optional":true},"lastname_label":{"type":"string","description_kind":"plain","optional":true},"orgname_label":{"type":"string","description_kind":"plain","optional":true},"password_confirm_label":{"type":"string","description_kind":"plain","optional":true},"password_label":{"type":"string","description_kind":"plain","optional":true},"privacy_confirm":{"type":"string","description_kind":"plain","optional":true},"privacy_link_text":{"type":"string","description_kind":"plain","optional":true},"save_button_text":{"type":"string","description_kind":"plain","optional":true},"title":{"type":"string","description_kind":"plain","optional":true},"tos_and_privacy_label":{"type":"string","description_kind":"plain","optional":true},"tos_confirm":{"type":"string","description_kind":"plain","optional":true},"tos_link_text":{"type":"string","description_kind":"plain","optional":true},"username_label":{"type":"string","description_kind":"plain","optional":true}},"nesting_mode":"single"},"description_kind":"plain","optional":true},"registration_user_text":{"nested_type":{"attributes":{"back_button_text":{"type":"string","description_kind":"plain","optional":true},"description":{"type":"string","description_kind":"plain","optional":true},"description_org_register":{"type":"string","description_kind":"plain","optional":true},"email_label":{"type":"string","description_kind":"plain","optional":true},"firstname_label":{"type":"string","description_kind":"plain","optional":true},"gender_label":{"type":"string","description_kind":"plain","optional":true},"language_label":{"type":"string","description_kind":"plain","optional":true},"lastname_label":{"type":"string","description_kind":"plain","optional":true},"next_button_text":{"type":"string","description_kind":"plain","optional":true},"password_confirm_label":{"type":"string","description_kind":"plain","optional":true},"password_label":{"type":"string","description_kind":"plain","optional":true},"privacy_confirm":{"type":"string","description_kind":"plain","optional":true},"privacy_link_text":{"type":"string","description_kind":"plain","optional":true},"title":{"type":"string","description_kind":"plain","optional":true},"tos_and_privacy_label":{"type":"string","description_kind":"plain","optional":true},"tos_confirm":{"type":"string","description_kind":"plain","optional":true},"tos_link_text":{"type":"string","description_kind":"plain","optional":true},"username_label":{"type":"string","description_kind":"plain","optional":true}},"nesting_mode":"single"},"description_kind":"plain","optional":true},"select_account_text":{"nested_type":{"attributes":{"description":{"type":"string","description_kind":"plain","optional":true},"description_linking_process":{"type":"string","description_kind":"plain","optional":true},"other_user":{"type":"string","description_kind":"plain","optional":true},"session_state_active":{"type":"string","description_kind":"plain","optional":true},"session_state_inactive":{"type":"string","description_kind":"plain","optional":true},"title":{"type":"string","description_kind":"plain","optional":true},"title_linking_process":{"type":"string","description_kind":"plain","optional":true},"user_must_be_member_of_org":{"type":"string","description_kind":"plain","optional":true}},"nesting_mode":"single"},"description_kind":"plain","optional":true},"success_login_text":{"nested_type":{"attributes":{"auto_redirect_description":{"type":"string","description":"Text to describe that auto-redirect should happen after successful login","description_kind":"plain","optional":true},"next_button_text":{"type":"string","description_kind":"plain","optional":true},"redirected_description":{"type":"string","description":"Text to describe that the window can be closed after redirect","description_kind":"plain","optional":true},"title":{"type":"string","description_kind":"plain","optional":true}},"nesting_mode":"single"},"description_kind":"plain","optional":true},"username_change_done_text":{"nested_type":{"attributes":{"description":{"type":"string","description_kind":"plain","optional":true},"next_button_text":{"type":"string","description_kind":"plain","optional":true},"title":{"type":"string","description_kind":"plain","optional":true}},"nesting_mode":"single"},"description_kind":"plain","optional":true},"username_change_text":{"nested_type":{"attributes":{"cancel_button_text":{"type":"string","description_kind":"plain","optional":true},"description":{"type":"string","description_kind":"plain","optional":true},"next_button_text":{"type":"string","description_kind":"plain","optional":true},"title":{"type":"string","description_kind":"plain","optional":true},"username_label":{"type":"string","description_kind":"plain","optional":true}},"nesting_mode":"single"},"description_kind":"plain","optional":true},"verify_mfa_otp_text":{"nested_type":{"attributes":{"code_label":{"type":"string","description_kind":"plain","optional":true},"description":{"type":"string","description_kind":"plain","optional":true},"next_button_text":{"type":"string","description_kind":"plain","optional":true},"title":{"type":"string","description_kind":"plain","optional":true}},"nesting_mode":"single"},"description_kind":"plain","optional":true},"verify_mfa_u2f_text":{"nested_type":{"attributes":{"description":{"type":"string","description_kind":"plain","optional":true},"error_retry":{"type":"string","description_kind":"plain","optional":true},"not_supported":{"type":"string","description_kind":"plain","optional":true},"title":{"type":"string","description_kind":"plain","optional":true},"validate_token_text":{"type":"string","description_kind":"plain","optional":true}},"nesting_mode":"single"},"description_kind":"plain","optional":true}},"description_kind":"plain"}},"zitadel_default_notification_policy":{"version":0,"block":{"attributes":{"id":{"type":"string","description_kind":"plain","optional":true,"computed":true},"password_change":{"type":"bool","description":"Send notification if a user changes his password","description_kind":"plain","required":true}},"description":"Resource representing the default notification policy.","description_kind":"plain"}},"zitadel_default_oidc_settings":{"version":0,"block":{"attributes":{"access_token_lifetime":{"type":"string","description":"lifetime duration of access tokens","description_kind":"plain","required":true},"id":{"type":"string","description_kind":"plain","optional":true,"computed":true},"id_token_lifetime":{"type":"string","description":"lifetime duration of id tokens","description_kind":"plain","required":true},"refresh_token_expiration":{"type":"string","description":"expiration duration of refresh tokens","description_kind":"plain","required":true},"refresh_token_idle_expiration":{"type":"string","description":"expiration duration of idle refresh tokens","description_kind":"plain","required":true}},"description":"Resource representing the default oidc settings.","description_kind":"plain"}},"zitadel_default_password_change_message_text":{"version":0,"block":{"attributes":{"button_text":{"type":"string","description_kind":"plain","optional":true},"footer_text":{"type":"string","description_kind":"plain","optional":true},"greeting":{"type":"string","description_kind":"plain","optional":true},"id":{"type":"string","description_kind":"plain","computed":true},"language":{"type":"string","description_kind":"plain","required":true},"pre_header":{"type":"string","description_kind":"plain","optional":true},"subject":{"type":"string","description_kind":"plain","optional":true},"text":{"type":"string","description_kind":"plain","optional":true},"title":{"type":"string","description_kind":"plain","optional":true}},"description_kind":"plain"}},"zitadel_default_password_complexity_policy":{"version":0,"block":{"attributes":{"has_lowercase":{"type":"bool","description":"defines if the password MUST contain a lower case letter","description_kind":"plain","required":true},"has_number":{"type":"bool","description":"defines if the password MUST contain a number","description_kind":"plain","required":true},"has_symbol":{"type":"bool","description":"defines if the password MUST contain a symbol. E.g. \"$\"","description_kind":"plain","required":true},"has_uppercase":{"type":"bool","description":"defines if the password MUST contain an upper case letter","description_kind":"plain","required":true},"id":{"type":"string","description_kind":"plain","optional":true,"computed":true},"min_length":{"type":"number","description":"Minimal length for the password","description_kind":"plain","required":true}},"description":"Resource representing the default password complexity policy.","description_kind":"plain"}},"zitadel_default_password_reset_message_text":{"version":0,"block":{"attributes":{"button_text":{"type":"string","description_kind":"plain","optional":true},"footer_text":{"type":"string","description_kind":"plain","optional":true},"greeting":{"type":"string","description_kind":"plain","optional":true},"id":{"type":"string","description_kind":"plain","computed":true},"language":{"type":"string","description_kind":"plain","required":true},"pre_header":{"type":"string","description_kind":"plain","optional":true},"subject":{"type":"string","description_kind":"plain","optional":true},"text":{"type":"string","description_kind":"plain","optional":true},"title":{"type":"string","description_kind":"plain","optional":true}},"description_kind":"plain"}},"zitadel_default_passwordless_registration_message_text":{"version":0,"block":{"attributes":{"button_text":{"type":"string","description_kind":"plain","optional":true},"footer_text":{"type":"string","description_kind":"plain","optional":true},"greeting":{"type":"string","description_kind":"plain","optional":true},"id":{"type":"string","description_kind":"plain","computed":true},"language":{"type":"string","description_kind":"plain","required":true},"pre_header":{"type":"string","description_kind":"plain","optional":true},"subject":{"type":"string","description_kind":"plain","optional":true},"text":{"type":"string","description_kind":"plain","optional":true},"title":{"type":"string","description_kind":"plain","optional":true}},"description_kind":"plain"}},"zitadel_default_privacy_policy":{"version":0,"block":{"attributes":{"help_link":{"type":"string","description_kind":"plain","optional":true},"id":{"type":"string","description_kind":"plain","optional":true,"computed":true},"privacy_link":{"type":"string","description_kind":"plain","optional":true},"support_email":{"type":"string","description_kind":"plain","optional":true},"tos_link":{"type":"string","description_kind":"plain","optional":true}},"description":"Resource representing the default privacy policy.","description_kind":"plain"}},"zitadel_default_verify_email_message_text":{"version":0,"block":{"attributes":{"button_text":{"type":"string","description_kind":"plain","optional":true},"footer_text":{"type":"string","description_kind":"plain","optional":true},"greeting":{"type":"string","description_kind":"plain","optional":true},"id":{"type":"string","description_kind":"plain","computed":true},"language":{"type":"string","description_kind":"plain","required":true},"pre_header":{"type":"string","description_kind":"plain","optional":true},"subject":{"type":"string","description_kind":"plain","optional":true},"text":{"type":"string","description_kind":"plain","optional":true},"title":{"type":"string","description_kind":"plain","optional":true}},"description_kind":"plain"}},"zitadel_default_verify_email_otp_message_text":{"version":0,"block":{"attributes":{"button_text":{"type":"string","description_kind":"plain","optional":true},"footer_text":{"type":"string","description_kind":"plain","optional":true},"greeting":{"type":"string","description_kind":"plain","optional":true},"id":{"type":"string","description_kind":"plain","computed":true},"language":{"type":"string","description_kind":"plain","required":true},"pre_header":{"type":"string","description_kind":"plain","optional":true},"subject":{"type":"string","description_kind":"plain","optional":true},"text":{"type":"string","description_kind":"plain","optional":true},"title":{"type":"string","description_kind":"plain","optional":true}},"description_kind":"plain"}},"zitadel_default_verify_phone_message_text":{"version":0,"block":{"attributes":{"button_text":{"type":"string","description_kind":"plain","optional":true},"footer_text":{"type":"string","description_kind":"plain","optional":true},"greeting":{"type":"string","description_kind":"plain","optional":true},"id":{"type":"string","description_kind":"plain","computed":true},"language":{"type":"string","description_kind":"plain","required":true},"pre_header":{"type":"string","description_kind":"plain","optional":true},"subject":{"type":"string","description_kind":"plain","optional":true},"text":{"type":"string","description_kind":"plain","optional":true},"title":{"type":"string","description_kind":"plain","optional":true}},"description_kind":"plain"}},"zitadel_default_verify_sms_otp_message_text":{"version":0,"block":{"attributes":{"button_text":{"type":"string","description_kind":"plain","optional":true},"footer_text":{"type":"string","description_kind":"plain","optional":true},"greeting":{"type":"string","description_kind":"plain","optional":true},"id":{"type":"string","description_kind":"plain","computed":true},"language":{"type":"string","description_kind":"plain","required":true},"pre_header":{"type":"string","description_kind":"plain","optional":true},"subject":{"type":"string","description_kind":"plain","optional":true},"text":{"type":"string","description_kind":"plain","optional":true},"title":{"type":"string","description_kind":"plain","optional":true}},"description_kind":"plain"}},"zitadel_domain":{"version":0,"block":{"attributes":{"id":{"type":"string","description_kind":"plain","optional":true,"computed":true},"is_primary":{"type":"bool","description":"Is domain primary","description_kind":"plain","optional":true},"is_verified":{"type":"bool","description":"Is domain verified","description_kind":"plain","computed":true},"name":{"type":"string","description":"Name of the domain","description_kind":"plain","required":true},"org_id":{"type":"string","description":"ID of the organization","description_kind":"plain","optional":true},"validation_type":{"type":"number","description":"Validation type","description_kind":"plain","computed":true}},"description":"Resource representing a domain of the organization.","description_kind":"plain"}},"zitadel_domain_claimed_message_text":{"version":0,"block":{"attributes":{"button_text":{"type":"string","description_kind":"plain","optional":true},"footer_text":{"type":"string","description_kind":"plain","optional":true},"greeting":{"type":"string","description_kind":"plain","optional":true},"id":{"type":"string","description_kind":"plain","computed":true},"language":{"type":"string","description_kind":"plain","required":true},"org_id":{"type":"string","description_kind":"plain","required":true},"pre_header":{"type":"string","description_kind":"plain","optional":true},"subject":{"type":"string","description_kind":"plain","optional":true},"text":{"type":"string","description_kind":"plain","optional":true},"title":{"type":"string","description_kind":"plain","optional":true}},"description_kind":"plain"}},"zitadel_domain_policy":{"version":0,"block":{"attributes":{"id":{"type":"string","description_kind":"plain","optional":true,"computed":true},"org_id":{"type":"string","description":"ID of the organization","description_kind":"plain","optional":true},"smtp_sender_address_matches_instance_domain":{"type":"bool","description_kind":"plain","required":true},"user_login_must_be_domain":{"type":"bool","description":"User login must be domain","description_kind":"plain","required":true},"validate_org_domains":{"type":"bool","description":"Validate organization domains","description_kind":"plain","required":true}},"description":"Resource representing the custom domain policy of an organization.","description_kind":"plain"}},"zitadel_human_user":{"version":0,"block":{"attributes":{"display_name":{"type":"string","description":"Display name of the user","description_kind":"plain","optional":true,"computed":true},"email":{"type":"string","description":"Email of the user","description_kind":"plain","required":true},"first_name":{"type":"string","description":"First name of the user","description_kind":"plain","required":true},"gender":{"type":"string","description":"Gender of the user, supported values: GENDER_UNSPECIFIED, GENDER_FEMALE, GENDER_MALE, GENDER_DIVERSE","description_kind":"plain","optional":true},"id":{"type":"string","description_kind":"plain","optional":true,"computed":true},"initial_password":{"type":"string","description":"Initially set password for the user, not changeable after creation","description_kind":"plain","optional":true,"sensitive":true},"is_email_verified":{"type":"bool","description":"Is the email verified of the user, can only be true if password of the user is set","description_kind":"plain","optional":true},"is_phone_verified":{"type":"bool","description":"Is the phone verified of the user","description_kind":"plain","optional":true},"last_name":{"type":"string","description":"Last name of the user","description_kind":"plain","required":true},"login_names":{"type":["list","string"],"description":"Loginnames","description_kind":"plain","computed":true},"nick_name":{"type":"string","description":"Nick name of the user","description_kind":"plain","optional":true},"org_id":{"type":"string","description":"ID of the organization","description_kind":"plain","optional":true},"phone":{"type":"string","description":"Phone of the user","description_kind":"plain","optional":true},"preferred_language":{"type":"string","description":"Preferred language of the user","description_kind":"plain","optional":true},"preferred_login_name":{"type":"string","description":"Preferred login name","description_kind":"plain","computed":true},"state":{"type":"string","description":"State of the user","description_kind":"plain","computed":true},"user_name":{"type":"string","description":"Username","description_kind":"plain","required":true}},"description":"Resource representing a human user situated under an organization, which then can be authorized through memberships or direct grants on other resources.","description_kind":"plain"}},"zitadel_idp_azure_ad":{"version":0,"block":{"attributes":{"client_id":{"type":"string","description":"client id generated by the identity provider","description_kind":"plain","required":true},"client_secret":{"type":"string","description":"client secret generated by the identity provider","description_kind":"plain","required":true,"sensitive":true},"email_verified":{"type":"bool","description":"automatically mark emails as verified","description_kind":"plain","required":true},"id":{"type":"string","description_kind":"plain","optional":true,"computed":true},"is_auto_creation":{"type":"bool","description":"enable if a new account in ZITADEL should be created automatically on login with an external account","description_kind":"plain","required":true},"is_auto_update":{"type":"bool","description":"enable if a the ZITADEL account fields should be updated automatically on each login","description_kind":"plain","required":true},"is_creation_allowed":{"type":"bool","description":"enable if users should be able to create a new account in ZITADEL when using an external account","description_kind":"plain","required":true},"is_linking_allowed":{"type":"bool","description":"enable if users should be able to link an existing ZITADEL user with an external account","description_kind":"plain","required":true},"name":{"type":"string","description":"Name of the IDP","description_kind":"plain","optional":true},"scopes":{"type":["set","string"],"description":"the scopes requested by ZITADEL during the request on the identity provider","description_kind":"plain","optional":true},"tenant_id":{"type":"string","description":"if tenant_id is not set, the tenant_type is used","description_kind":"plain","optional":true},"tenant_type":{"type":"string","description":"the azure ad tenant type","description_kind":"plain","optional":true}},"description":"Resource representing an Azure AD IDP on the instance.","description_kind":"plain"}},"zitadel_idp_github":{"version":0,"block":{"attributes":{"client_id":{"type":"string","description":"client id generated by the identity provider","description_kind":"plain","required":true},"client_secret":{"type":"string","description":"client secret generated by the identity provider","description_kind":"plain","required":true,"sensitive":true},"id":{"type":"string","description_kind":"plain","optional":true,"computed":true},"is_auto_creation":{"type":"bool","description":"enable if a new account in ZITADEL should be created automatically on login with an external account","description_kind":"plain","required":true},"is_auto_update":{"type":"bool","description":"enable if a the ZITADEL account fields should be updated automatically on each login","description_kind":"plain","required":true},"is_creation_allowed":{"type":"bool","description":"enable if users should be able to create a new account in ZITADEL when using an external account","description_kind":"plain","required":true},"is_linking_allowed":{"type":"bool","description":"enable if users should be able to link an existing ZITADEL user with an external account","description_kind":"plain","required":true},"name":{"type":"string","description":"Name of the IDP","description_kind":"plain","optional":true},"scopes":{"type":["set","string"],"description":"the scopes requested by ZITADEL during the request on the identity provider","description_kind":"plain","optional":true}},"description":"Resource representing a GitHub IDP on the instance.","description_kind":"plain"}},"zitadel_idp_github_es":{"version":0,"block":{"attributes":{"authorization_endpoint":{"type":"string","description":"the providers authorization endpoint","description_kind":"plain","required":true},"client_id":{"type":"string","description":"client id generated by the identity provider","description_kind":"plain","required":true},"client_secret":{"type":"string","description":"client secret generated by the identity provider","description_kind":"plain","required":true,"sensitive":true},"id":{"type":"string","description_kind":"plain","optional":true,"computed":true},"is_auto_creation":{"type":"bool","description":"enable if a new account in ZITADEL should be created automatically on login with an external account","description_kind":"plain","required":true},"is_auto_update":{"type":"bool","description":"enable if a the ZITADEL account fields should be updated automatically on each login","description_kind":"plain","required":true},"is_creation_allowed":{"type":"bool","description":"enable if users should be able to create a new account in ZITADEL when using an external account","description_kind":"plain","required":true},"is_linking_allowed":{"type":"bool","description":"enable if users should be able to link an existing ZITADEL user with an external account","description_kind":"plain","required":true},"name":{"type":"string","description":"Name of the IDP","description_kind":"plain","optional":true},"scopes":{"type":["set","string"],"description":"the scopes requested by ZITADEL during the request on the identity provider","description_kind":"plain","optional":true},"token_endpoint":{"type":"string","description":"the providers token endpoint","description_kind":"plain","required":true},"user_endpoint":{"type":"string","description":"the providers user endpoint","description_kind":"plain","required":true}},"description":"Resource representing a GitHub Enterprise IDP on the instance.","description_kind":"plain"}},"zitadel_idp_gitlab":{"version":0,"block":{"attributes":{"client_id":{"type":"string","description":"client id generated by the identity provider","description_kind":"plain","required":true},"client_secret":{"type":"string","description":"client secret generated by the identity provider","description_kind":"plain","required":true,"sensitive":true},"id":{"type":"string","description_kind":"plain","optional":true,"computed":true},"is_auto_creation":{"type":"bool","description":"enable if a new account in ZITADEL should be created automatically on login with an external account","description_kind":"plain","required":true},"is_auto_update":{"type":"bool","description":"enable if a the ZITADEL account fields should be updated automatically on each login","description_kind":"plain","required":true},"is_creation_allowed":{"type":"bool","description":"enable if users should be able to create a new account in ZITADEL when using an external account","description_kind":"plain","required":true},"is_linking_allowed":{"type":"bool","description":"enable if users should be able to link an existing ZITADEL user with an external account","description_kind":"plain","required":true},"name":{"type":"string","description":"Name of the IDP","description_kind":"plain","optional":true},"scopes":{"type":["set","string"],"description":"the scopes requested by ZITADEL during the request on the identity provider","description_kind":"plain","optional":true}},"description":"Resource representing a GitLab IDP on the instance.","description_kind":"plain"}},"zitadel_idp_gitlab_self_hosted":{"version":0,"block":{"attributes":{"client_id":{"type":"string","description":"client id generated by the identity provider","description_kind":"plain","required":true},"client_secret":{"type":"string","description":"client secret generated by the identity provider","description_kind":"plain","required":true,"sensitive":true},"id":{"type":"string","description_kind":"plain","optional":true,"computed":true},"is_auto_creation":{"type":"bool","description":"enable if a new account in ZITADEL should be created automatically on login with an external account","description_kind":"plain","required":true},"is_auto_update":{"type":"bool","description":"enable if a the ZITADEL account fields should be updated automatically on each login","description_kind":"plain","required":true},"is_creation_allowed":{"type":"bool","description":"enable if users should be able to create a new account in ZITADEL when using an external account","description_kind":"plain","required":true},"is_linking_allowed":{"type":"bool","description":"enable if users should be able to link an existing ZITADEL user with an external account","description_kind":"plain","required":true},"issuer":{"type":"string","description":"the providers issuer","description_kind":"plain","required":true},"name":{"type":"string","description":"Name of the IDP","description_kind":"plain","optional":true},"scopes":{"type":["set","string"],"description":"the scopes requested by ZITADEL during the request on the identity provider","description_kind":"plain","optional":true}},"description":"Resource representing a GitLab Self Hosted IDP on the instance.","description_kind":"plain"}},"zitadel_idp_google":{"version":0,"block":{"attributes":{"client_id":{"type":"string","description":"client id generated by the identity provider","description_kind":"plain","required":true},"client_secret":{"type":"string","description":"client secret generated by the identity provider","description_kind":"plain","required":true,"sensitive":true},"id":{"type":"string","description_kind":"plain","optional":true,"computed":true},"is_auto_creation":{"type":"bool","description":"enable if a new account in ZITADEL should be created automatically on login with an external account","description_kind":"plain","required":true},"is_auto_update":{"type":"bool","description":"enable if a the ZITADEL account fields should be updated automatically on each login","description_kind":"plain","required":true},"is_creation_allowed":{"type":"bool","description":"enable if users should be able to create a new account in ZITADEL when using an external account","description_kind":"plain","required":true},"is_linking_allowed":{"type":"bool","description":"enable if users should be able to link an existing ZITADEL user with an external account","description_kind":"plain","required":true},"name":{"type":"string","description":"Name of the IDP","description_kind":"plain","optional":true},"scopes":{"type":["set","string"],"description":"the scopes requested by ZITADEL during the request on the identity provider","description_kind":"plain","optional":true}},"description":"Resource representing a Google IDP on the instance.","description_kind":"plain"}},"zitadel_idp_ldap":{"version":0,"block":{"attributes":{"avatar_url_attribute":{"type":"string","description":"User attribute for the avatar url","description_kind":"plain","optional":true},"base_dn":{"type":"string","description":"Base DN for LDAP connections","description_kind":"plain","required":true},"bind_dn":{"type":"string","description":"Bind DN for LDAP connections","description_kind":"plain","required":true},"bind_password":{"type":"string","description":"Bind password for LDAP connections","description_kind":"plain","required":true,"sensitive":true},"display_name_attribute":{"type":"string","description":"User attribute for the display name","description_kind":"plain","optional":true},"email_attribute":{"type":"string","description":"User attribute for the email","description_kind":"plain","optional":true},"email_verified_attribute":{"type":"string","description":"User attribute for the email verified state","description_kind":"plain","optional":true},"first_name_attribute":{"type":"string","description":"User attribute for the first name","description_kind":"plain","optional":true},"id":{"type":"string","description_kind":"plain","optional":true,"computed":true},"id_attribute":{"type":"string","description":"User attribute for the id","description_kind":"plain","optional":true},"is_auto_creation":{"type":"bool","description":"enable if a new account in ZITADEL should be created automatically on login with an external account","description_kind":"plain","required":true},"is_auto_update":{"type":"bool","description":"enable if a the ZITADEL account fields should be updated automatically on each login","description_kind":"plain","required":true},"is_creation_allowed":{"type":"bool","description":"enable if users should be able to create a new account in ZITADEL when using an external account","description_kind":"plain","required":true},"is_linking_allowed":{"type":"bool","description":"enable if users should be able to link an existing ZITADEL user with an external account","description_kind":"plain","required":true},"last_name_attribute":{"type":"string","description":"User attribute for the last name","description_kind":"plain","optional":true},"name":{"type":"string","description":"Name of the IDP","description_kind":"plain","optional":true},"nick_name_attribute":{"type":"string","description":"User attribute for the nick name","description_kind":"plain","optional":true},"phone_attribute":{"type":"string","description":"User attribute for the phone","description_kind":"plain","optional":true},"phone_verified_attribute":{"type":"string","description":"User attribute for the phone verified state","description_kind":"plain","optional":true},"preferred_language_attribute":{"type":"string","description":"User attribute for the preferred language","description_kind":"plain","optional":true},"preferred_username_attribute":{"type":"string","description":"User attribute for the preferred username","description_kind":"plain","optional":true},"profile_attribute":{"type":"string","description":"User attribute for the profile","description_kind":"plain","optional":true},"servers":{"type":["list","string"],"description":"Servers to try in order for establishing LDAP connections","description_kind":"plain","required":true},"start_tls":{"type":"bool","description":"Wether to use StartTLS for LDAP connections","description_kind":"plain","required":true},"timeout":{"type":"string","description":"Timeout for LDAP connections","description_kind":"plain","required":true},"user_base":{"type":"string","description":"User base for LDAP connections","description_kind":"plain","required":true},"user_filters":{"type":["set","string"],"description":"User filters for LDAP connections","description_kind":"plain","required":true},"user_object_classes":{"type":["set","string"],"description":"User object classes for LDAP connections","description_kind":"plain","required":true}},"description":"Resource representing an LDAP IDP on the instance.","description_kind":"plain"}},"zitadel_idp_oauth":{"version":0,"block":{"attributes":{"authorization_endpoint":{"type":"string","description":"The authorization endpoint","description_kind":"plain","required":true},"client_id":{"type":"string","description":"client id generated by the identity provider","description_kind":"plain","required":true},"client_secret":{"type":"string","description":"client secret generated by the identity provider","description_kind":"plain","required":true,"sensitive":true},"id":{"type":"string","description_kind":"plain","optional":true,"computed":true},"id_attribute":{"type":"string","description":"The id attribute","description_kind":"plain","required":true},"is_auto_creation":{"type":"bool","description":"enable if a new account in ZITADEL should be created automatically on login with an external account","description_kind":"plain","required":true},"is_auto_update":{"type":"bool","description":"enable if a the ZITADEL account fields should be updated automatically on each login","description_kind":"plain","required":true},"is_creation_allowed":{"type":"bool","description":"enable if users should be able to create a new account in ZITADEL when using an external account","description_kind":"plain","required":true},"is_linking_allowed":{"type":"bool","description":"enable if users should be able to link an existing ZITADEL user with an external account","description_kind":"plain","required":true},"name":{"type":"string","description":"Name of the IDP","description_kind":"plain","optional":true},"scopes":{"type":["set","string"],"description":"the scopes requested by ZITADEL during the request on the identity provider","description_kind":"plain","optional":true},"token_endpoint":{"type":"string","description":"The token endpoint","description_kind":"plain","required":true},"user_endpoint":{"type":"string","description":"The user endpoint","description_kind":"plain","required":true}},"description":"Resource representing a generic OAuth2 IDP on the instance.","description_kind":"plain"}},"zitadel_idp_saml":{"version":0,"block":{"attributes":{"binding":{"type":"string","description":"The binding, supported values: SAML_BINDING_UNSPECIFIED, SAML_BINDING_POST, SAML_BINDING_REDIRECT, SAML_BINDING_ARTIFACT","description_kind":"plain","optional":true},"id":{"type":"string","description_kind":"plain","optional":true,"computed":true},"is_auto_creation":{"type":"bool","description":"enable if a new account in ZITADEL should be created automatically on login with an external account","description_kind":"plain","required":true},"is_auto_update":{"type":"bool","description":"enable if a the ZITADEL account fields should be updated automatically on each login","description_kind":"plain","required":true},"is_creation_allowed":{"type":"bool","description":"enable if users should be able to create a new account in ZITADEL when using an external account","description_kind":"plain","required":true},"is_linking_allowed":{"type":"bool","description":"enable if users should be able to link an existing ZITADEL user with an external account","description_kind":"plain","required":true},"metadata_xml":{"type":"string","description":"The metadata XML as plain string","description_kind":"plain","required":true},"name":{"type":"string","description":"Name of the IDP","description_kind":"plain","optional":true},"with_signed_request":{"type":"bool","description":"Whether the SAML IDP requires signed requests","description_kind":"plain","optional":true}},"description":"Resource representing a SAML IDP on the instance.","description_kind":"plain"}},"zitadel_init_message_text":{"version":0,"block":{"attributes":{"button_text":{"type":"string","description_kind":"plain","optional":true},"footer_text":{"type":"string","description_kind":"plain","optional":true},"greeting":{"type":"string","description_kind":"plain","optional":true},"id":{"type":"string","description_kind":"plain","computed":true},"language":{"type":"string","description_kind":"plain","required":true},"org_id":{"type":"string","description_kind":"plain","required":true},"pre_header":{"type":"string","description_kind":"plain","optional":true},"subject":{"type":"string","description_kind":"plain","optional":true},"text":{"type":"string","description_kind":"plain","optional":true},"title":{"type":"string","description_kind":"plain","optional":true}},"description_kind":"plain"}},"zitadel_instance_member":{"version":0,"block":{"attributes":{"id":{"type":"string","description_kind":"plain","optional":true,"computed":true},"roles":{"type":["set","string"],"description":"List of roles granted, full list available here: https://zitadel.com/docs/guides/manage/console/managers#roles","description_kind":"plain","required":true},"user_id":{"type":"string","description":"ID of the user","description_kind":"plain","required":true}},"description":"Resource representing the membership of a user on an instance, defined with the given role.","description_kind":"plain"}},"zitadel_label_policy":{"version":0,"block":{"attributes":{"background_color":{"type":"string","description":"hex value for background color","description_kind":"plain","required":true},"background_color_dark":{"type":"string","description":"hex value for background color dark theme","description_kind":"plain","required":true},"disable_watermark":{"type":"bool","description":"disable watermark","description_kind":"plain","required":true},"font_color":{"type":"string","description":"hex value for font color","description_kind":"plain","required":true},"font_color_dark":{"type":"string","description":"hex value for font color dark theme","description_kind":"plain","required":true},"font_hash":{"type":"string","description_kind":"plain","optional":true},"font_path":{"type":"string","description_kind":"plain","optional":true},"font_url":{"type":"string","description_kind":"plain","computed":true},"hide_login_name_suffix":{"type":"bool","description":"hides the org suffix on the login form if the scope \"urn:zitadel:iam:org:domain:primary:{domainname}\" is set. Details about this scope in https://zitadel.com/docs/apis/openidoauth/scopes#reserved-scopes","description_kind":"plain","required":true},"icon_dark_hash":{"type":"string","description_kind":"plain","optional":true},"icon_dark_path":{"type":"string","description_kind":"plain","optional":true},"icon_hash":{"type":"string","description_kind":"plain","optional":true},"icon_path":{"type":"string","description_kind":"plain","optional":true},"icon_url":{"type":"string","description_kind":"plain","computed":true},"icon_url_dark":{"type":"string","description_kind":"plain","computed":true},"id":{"type":"string","description_kind":"plain","optional":true,"computed":true},"logo_dark_hash":{"type":"string","description_kind":"plain","optional":true},"logo_dark_path":{"type":"string","description_kind":"plain","optional":true},"logo_hash":{"type":"string","description_kind":"plain","optional":true},"logo_path":{"type":"string","description_kind":"plain","optional":true},"logo_url":{"type":"string","description_kind":"plain","computed":true},"logo_url_dark":{"type":"string","description_kind":"plain","computed":true},"org_id":{"type":"string","description":"ID of the organization","description_kind":"plain","optional":true},"primary_color":{"type":"string","description":"hex value for primary color","description_kind":"plain","required":true},"primary_color_dark":{"type":"string","description":"hex value for primary color dark theme","description_kind":"plain","required":true},"set_active":{"type":"bool","description":"set the label policy active after creating/updating","description_kind":"plain","optional":true},"theme_mode":{"type":"string","description":"theme mode, supported values: THEME_MODE_UNSPECIFIED, THEME_MODE_AUTO, THEME_MODE_DARK, THEME_MODE_LIGHT","description_kind":"plain","optional":true},"warn_color":{"type":"string","description":"hex value for warn color","description_kind":"plain","required":true},"warn_color_dark":{"type":"string","description":"hex value for warn color dark theme","description_kind":"plain","required":true}},"description":"Resource representing the custom label policy of an organization.","description_kind":"plain"}},"zitadel_lockout_policy":{"version":0,"block":{"attributes":{"id":{"type":"string","description_kind":"plain","optional":true,"computed":true},"max_password_attempts":{"type":"number","description":"Maximum password check attempts before the account gets locked. Attempts are reset as soon as the password is entered correct or the password is reset.","description_kind":"plain","required":true},"org_id":{"type":"string","description":"ID of the organization","description_kind":"plain","optional":true}},"description":"Resource representing the custom lockout policy of an organization.","description_kind":"plain"}},"zitadel_login_policy":{"version":0,"block":{"attributes":{"allow_domain_discovery":{"type":"bool","description":"if set to true, the suffix (@domain.com) of an unknown username input on the login screen will be matched against the org domains and will redirect to the registration of that organisation on success.","description_kind":"plain","optional":true},"allow_external_idp":{"type":"bool","description":"defines if a user is allowed to add a defined identity provider. E.g. Google auth","description_kind":"plain","required":true},"allow_register":{"type":"bool","description":"defines if a person is allowed to register a user on this organisation","description_kind":"plain","required":true},"default_redirect_uri":{"type":"string","description":"defines where the user will be redirected to if the login is started without app context (e.g. from mail)","description_kind":"plain","required":true},"disable_login_with_email":{"type":"bool","description":"defines if user can additionally (to the loginname) be identified by their verified email address","description_kind":"plain","optional":true},"disable_login_with_phone":{"type":"bool","description":"defines if user can additionally (to the loginname) be identified by their verified phone number","description_kind":"plain","optional":true},"external_login_check_lifetime":{"type":"string","description_kind":"plain","required":true},"force_mfa":{"type":"bool","description":"defines if a user MUST use a multi factor to log in","description_kind":"plain","required":true},"force_mfa_local_only":{"type":"bool","description":"if activated, ZITADEL only enforces MFA on local authentications. On authentications through MFA, ZITADEL won't prompt for MFA.","description_kind":"plain","required":true},"hide_password_reset":{"type":"bool","description":"defines if password reset link should be shown in the login screen","description_kind":"plain","required":true},"id":{"type":"string","description_kind":"plain","optional":true,"computed":true},"idps":{"type":["set","string"],"description":"allowed idps to login or register","description_kind":"plain","optional":true},"ignore_unknown_usernames":{"type":"bool","description":"defines if unknown username on login screen directly return an error or always display the password screen","description_kind":"plain","required":true},"mfa_init_skip_lifetime":{"type":"string","description_kind":"plain","required":true},"multi_factor_check_lifetime":{"type":"string","description_kind":"plain","required":true},"multi_factors":{"type":["set","string"],"description":"allowed multi factors","description_kind":"plain","optional":true},"org_id":{"type":"string","description":"ID of the organization","description_kind":"plain","optional":true},"password_check_lifetime":{"type":"string","description_kind":"plain","required":true},"passwordless_type":{"type":"string","description":"defines if passwordless is allowed for users","description_kind":"plain","required":true},"second_factor_check_lifetime":{"type":"string","description_kind":"plain","required":true},"second_factors":{"type":["set","string"],"description":"allowed second factors","description_kind":"plain","optional":true},"user_login":{"type":"bool","description":"defines if a user is allowed to login with his username and password","description_kind":"plain","required":true}},"description":"Resource representing the custom login policy of an organization.","description_kind":"plain"}},"zitadel_login_texts":{"version":0,"block":{"attributes":{"email_verification_done_text":{"nested_type":{"attributes":{"cancel_button_text":{"type":"string","description_kind":"plain","optional":true},"description":{"type":"string","description_kind":"plain","optional":true},"login_button_text":{"type":"string","description_kind":"plain","optional":true},"next_button_text":{"type":"string","description_kind":"plain","optional":true},"title":{"type":"string","description_kind":"plain","optional":true}},"nesting_mode":"single"},"description_kind":"plain","optional":true},"email_verification_text":{"nested_type":{"attributes":{"code_label":{"type":"string","description_kind":"plain","optional":true},"description":{"type":"string","description_kind":"plain","optional":true},"next_button_text":{"type":"string","description_kind":"plain","optional":true},"resend_button_text":{"type":"string","description_kind":"plain","optional":true},"title":{"type":"string","description_kind":"plain","optional":true}},"nesting_mode":"single"},"description_kind":"plain","optional":true},"external_registration_user_overview_text":{"nested_type":{"attributes":{"back_button_text":{"type":"string","description_kind":"plain","optional":true},"description":{"type":"string","description_kind":"plain","optional":true},"email_label":{"type":"string","description_kind":"plain","optional":true},"firstname_label":{"type":"string","description_kind":"plain","optional":true},"language_label":{"type":"string","description_kind":"plain","optional":true},"lastname_label":{"type":"string","description_kind":"plain","optional":true},"next_button_text":{"type":"string","description_kind":"plain","optional":true},"nickname_label":{"type":"string","description_kind":"plain","optional":true},"phone_label":{"type":"string","description_kind":"plain","optional":true},"privacy_confirm":{"type":"string","description_kind":"plain","optional":true},"privacy_link_text":{"type":"string","description_kind":"plain","optional":true},"title":{"type":"string","description_kind":"plain","optional":true},"tos_and_privacy_label":{"type":"string","description_kind":"plain","optional":true},"tos_confirm":{"type":"string","description_kind":"plain","optional":true},"tos_link_text":{"type":"string","description_kind":"plain","optional":true},"username_label":{"type":"string","description_kind":"plain","optional":true}},"nesting_mode":"single"},"description_kind":"plain","optional":true},"external_user_not_found_text":{"nested_type":{"attributes":{"auto_register_button_text":{"type":"string","description_kind":"plain","optional":true},"description":{"type":"string","description_kind":"plain","optional":true},"link_button_text":{"type":"string","description_kind":"plain","optional":true},"privacy_confirm":{"type":"string","description_kind":"plain","optional":true},"privacy_link_text":{"type":"string","description_kind":"plain","optional":true},"title":{"type":"string","description_kind":"plain","optional":true},"tos_and_privacy_label":{"type":"string","description_kind":"plain","optional":true},"tos_confirm":{"type":"string","description_kind":"plain","optional":true},"tos_link_text":{"type":"string","description_kind":"plain","optional":true}},"nesting_mode":"single"},"description_kind":"plain","optional":true},"footer_text":{"nested_type":{"attributes":{"help":{"type":"string","description_kind":"plain","optional":true},"privacy_policy":{"type":"string","description_kind":"plain","optional":true},"support_email":{"type":"string","description_kind":"plain","optional":true},"tos":{"type":"string","description_kind":"plain","optional":true}},"nesting_mode":"single"},"description_kind":"plain","optional":true},"id":{"type":"string","description_kind":"plain","computed":true},"init_mfa_done_text":{"nested_type":{"attributes":{"cancel_button_text":{"type":"string","description_kind":"plain","optional":true},"description":{"type":"string","description_kind":"plain","optional":true},"next_button_text":{"type":"string","description_kind":"plain","optional":true},"title":{"type":"string","description_kind":"plain","optional":true}},"nesting_mode":"single"},"description_kind":"plain","optional":true},"init_mfa_otp_text":{"nested_type":{"attributes":{"cancel_button_text":{"type":"string","description_kind":"plain","optional":true},"code_label":{"type":"string","description_kind":"plain","optional":true},"description":{"type":"string","description_kind":"plain","optional":true},"description_otp":{"type":"string","description_kind":"plain","optional":true},"next_button_text":{"type":"string","description_kind":"plain","optional":true},"secret_label":{"type":"string","description_kind":"plain","optional":true},"title":{"type":"string","description_kind":"plain","optional":true}},"nesting_mode":"single"},"description_kind":"plain","optional":true},"init_mfa_prompt_text":{"nested_type":{"attributes":{"description":{"type":"string","description_kind":"plain","optional":true},"next_button_text":{"type":"string","description_kind":"plain","optional":true},"otp_option":{"type":"string","description_kind":"plain","optional":true},"skip_button_text":{"type":"string","description_kind":"plain","optional":true},"title":{"type":"string","description_kind":"plain","optional":true},"u2f_option":{"type":"string","description_kind":"plain","optional":true}},"nesting_mode":"single"},"description_kind":"plain","optional":true},"init_mfa_u2f_text":{"nested_type":{"attributes":{"description":{"type":"string","description_kind":"plain","optional":true},"error_retry":{"type":"string","description_kind":"plain","optional":true},"not_supported":{"type":"string","description_kind":"plain","optional":true},"register_token_button_text":{"type":"string","description_kind":"plain","optional":true},"title":{"type":"string","description_kind":"plain","optional":true},"token_name_label":{"type":"string","description_kind":"plain","optional":true}},"nesting_mode":"single"},"description_kind":"plain","optional":true},"init_password_done_text":{"nested_type":{"attributes":{"cancel_button_text":{"type":"string","description_kind":"plain","optional":true},"description":{"type":"string","description_kind":"plain","optional":true},"next_button_text":{"type":"string","description_kind":"plain","optional":true},"title":{"type":"string","description_kind":"plain","optional":true}},"nesting_mode":"single"},"description_kind":"plain","optional":true},"init_password_text":{"nested_type":{"attributes":{"code_label":{"type":"string","description_kind":"plain","optional":true},"description":{"type":"string","description_kind":"plain","optional":true},"new_password_confirm_label":{"type":"string","description_kind":"plain","optional":true},"new_password_label":{"type":"string","description_kind":"plain","optional":true},"next_button_text":{"type":"string","description_kind":"plain","optional":true},"resend_button_text":{"type":"string","description_kind":"plain","optional":true},"title":{"type":"string","description_kind":"plain","optional":true}},"nesting_mode":"single"},"description_kind":"plain","optional":true},"initialize_done_text":{"nested_type":{"attributes":{"cancel_button_text":{"type":"string","description_kind":"plain","optional":true},"description":{"type":"string","description_kind":"plain","optional":true},"next_button_text":{"type":"string","description_kind":"plain","optional":true},"title":{"type":"string","description_kind":"plain","optional":true}},"nesting_mode":"single"},"description_kind":"plain","optional":true},"initialize_user_text":{"nested_type":{"attributes":{"code_label":{"type":"string","description_kind":"plain","optional":true},"description":{"type":"string","description_kind":"plain","optional":true},"new_password_confirm_label":{"type":"string","description_kind":"plain","optional":true},"new_password_label":{"type":"string","description_kind":"plain","optional":true},"next_button_text":{"type":"string","description_kind":"plain","optional":true},"resend_button_text":{"type":"string","description_kind":"plain","optional":true},"title":{"type":"string","description_kind":"plain","optional":true}},"nesting_mode":"single"},"description_kind":"plain","optional":true},"language":{"type":"string","description_kind":"plain","required":true},"linking_user_done_text":{"nested_type":{"attributes":{"cancel_button_text":{"type":"string","description_kind":"plain","optional":true},"description":{"type":"string","description_kind":"plain","optional":true},"next_button_text":{"type":"string","description_kind":"plain","optional":true},"title":{"type":"string","description_kind":"plain","optional":true}},"nesting_mode":"single"},"description_kind":"plain","optional":true},"linking_user_prompt_text":{"nested_type":{"attributes":{"description":{"type":"string","description_kind":"plain","optional":true},"link_button_text":{"type":"string","description_kind":"plain","optional":true},"other_button_text":{"type":"string","description_kind":"plain","optional":true},"title":{"type":"string","description_kind":"plain","optional":true}},"nesting_mode":"single"},"description_kind":"plain","optional":true},"login_text":{"nested_type":{"attributes":{"description":{"type":"string","description_kind":"plain","optional":true},"description_linking_process":{"type":"string","description_kind":"plain","optional":true},"external_user_description":{"type":"string","description_kind":"plain","optional":true},"login_name_label":{"type":"string","description_kind":"plain","optional":true},"login_name_placeholder":{"type":"string","description_kind":"plain","optional":true},"next_button_text":{"type":"string","description_kind":"plain","optional":true},"register_button_text":{"type":"string","description_kind":"plain","optional":true},"title":{"type":"string","description_kind":"plain","optional":true},"title_linking_process":{"type":"string","description_kind":"plain","optional":true},"user_must_be_member_of_org":{"type":"string","description_kind":"plain","optional":true},"user_name_placeholder":{"type":"string","description_kind":"plain","optional":true}},"nesting_mode":"single"},"description_kind":"plain","optional":true},"logout_text":{"nested_type":{"attributes":{"description":{"type":"string","description_kind":"plain","optional":true},"login_button_text":{"type":"string","description_kind":"plain","optional":true},"title":{"type":"string","description_kind":"plain","optional":true}},"nesting_mode":"single"},"description_kind":"plain","optional":true},"mfa_providers_text":{"nested_type":{"attributes":{"choose_other":{"type":"string","description_kind":"plain","optional":true},"otp":{"type":"string","description_kind":"plain","optional":true},"u2f":{"type":"string","description_kind":"plain","optional":true}},"nesting_mode":"single"},"description_kind":"plain","optional":true},"org_id":{"type":"string","description_kind":"plain","required":true},"password_change_done_text":{"nested_type":{"attributes":{"description":{"type":"string","description_kind":"plain","optional":true},"next_button_text":{"type":"string","description_kind":"plain","optional":true},"title":{"type":"string","description_kind":"plain","optional":true}},"nesting_mode":"single"},"description_kind":"plain","optional":true},"password_change_text":{"nested_type":{"attributes":{"cancel_button_text":{"type":"string","description_kind":"plain","optional":true},"description":{"type":"string","description_kind":"plain","optional":true},"expired_description":{"type":"string","description_kind":"plain","optional":true},"new_password_confirm_label":{"type":"string","description_kind":"plain","optional":true},"new_password_label":{"type":"string","description_kind":"plain","optional":true},"next_button_text":{"type":"string","description_kind":"plain","optional":true},"old_password_label":{"type":"string","description_kind":"plain","optional":true},"title":{"type":"string","description_kind":"plain","optional":true}},"nesting_mode":"single"},"description_kind":"plain","optional":true},"password_reset_done_text":{"nested_type":{"attributes":{"description":{"type":"string","description_kind":"plain","optional":true},"next_button_text":{"type":"string","description_kind":"plain","optional":true},"title":{"type":"string","description_kind":"plain","optional":true}},"nesting_mode":"single"},"description_kind":"plain","optional":true},"password_text":{"nested_type":{"attributes":{"back_button_text":{"type":"string","description_kind":"plain","optional":true},"confirmation":{"type":"string","description_kind":"plain","optional":true},"description":{"type":"string","description_kind":"plain","optional":true},"has_lowercase":{"type":"string","description_kind":"plain","optional":true},"has_number":{"type":"string","description_kind":"plain","optional":true},"has_symbol":{"type":"string","description_kind":"plain","optional":true},"has_uppercase":{"type":"string","description_kind":"plain","optional":true},"min_length":{"type":"string","description_kind":"plain","optional":true},"next_button_text":{"type":"string","description_kind":"plain","optional":true},"password_label":{"type":"string","description_kind":"plain","optional":true},"reset_link_text":{"type":"string","description_kind":"plain","optional":true},"title":{"type":"string","description_kind":"plain","optional":true}},"nesting_mode":"single"},"description_kind":"plain","optional":true},"passwordless_prompt_text":{"nested_type":{"attributes":{"description":{"type":"string","description_kind":"plain","optional":true},"description_init":{"type":"string","description_kind":"plain","optional":true},"next_button_text":{"type":"string","description_kind":"plain","optional":true},"passwordless_button_text":{"type":"string","description_kind":"plain","optional":true},"skip_button_text":{"type":"string","description_kind":"plain","optional":true},"title":{"type":"string","description_kind":"plain","optional":true}},"nesting_mode":"single"},"description_kind":"plain","optional":true},"passwordless_registration_done_text":{"nested_type":{"attributes":{"cancel_button_text":{"type":"string","description_kind":"plain","optional":true},"description":{"type":"string","description_kind":"plain","optional":true},"description_close":{"type":"string","description_kind":"plain","optional":true},"next_button_text":{"type":"string","description_kind":"plain","optional":true},"title":{"type":"string","description_kind":"plain","optional":true}},"nesting_mode":"single"},"description_kind":"plain","optional":true},"passwordless_registration_text":{"nested_type":{"attributes":{"description":{"type":"string","description_kind":"plain","optional":true},"error_retry":{"type":"string","description_kind":"plain","optional":true},"not_supported":{"type":"string","description_kind":"plain","optional":true},"register_token_button_text":{"type":"string","description_kind":"plain","optional":true},"title":{"type":"string","description_kind":"plain","optional":true},"token_name_label":{"type":"string","description_kind":"plain","optional":true}},"nesting_mode":"single"},"description_kind":"plain","optional":true},"passwordless_text":{"nested_type":{"attributes":{"description":{"type":"string","description_kind":"plain","optional":true},"error_retry":{"type":"string","description_kind":"plain","optional":true},"login_with_pw_button_text":{"type":"string","description_kind":"plain","optional":true},"not_supported":{"type":"string","description_kind":"plain","optional":true},"title":{"type":"string","description_kind":"plain","optional":true},"validate_token_button_text":{"type":"string","description_kind":"plain","optional":true}},"nesting_mode":"single"},"description_kind":"plain","optional":true},"registration_option_text":{"nested_type":{"attributes":{"description":{"type":"string","description_kind":"plain","optional":true},"external_login_description":{"type":"string","description_kind":"plain","optional":true},"login_button_text":{"type":"string","description_kind":"plain","optional":true},"title":{"type":"string","description_kind":"plain","optional":true},"user_name_button_text":{"type":"string","description_kind":"plain","optional":true}},"nesting_mode":"single"},"description_kind":"plain","optional":true},"registration_org_text":{"nested_type":{"attributes":{"description":{"type":"string","description_kind":"plain","optional":true},"email_label":{"type":"string","description_kind":"plain","optional":true},"firstname_label":{"type":"string","description_kind":"plain","optional":true},"lastname_label":{"type":"string","description_kind":"plain","optional":true},"orgname_label":{"type":"string","description_kind":"plain","optional":true},"password_confirm_label":{"type":"string","description_kind":"plain","optional":true},"password_label":{"type":"string","description_kind":"plain","optional":true},"privacy_confirm":{"type":"string","description_kind":"plain","optional":true},"privacy_link_text":{"type":"string","description_kind":"plain","optional":true},"save_button_text":{"type":"string","description_kind":"plain","optional":true},"title":{"type":"string","description_kind":"plain","optional":true},"tos_and_privacy_label":{"type":"string","description_kind":"plain","optional":true},"tos_confirm":{"type":"string","description_kind":"plain","optional":true},"tos_link_text":{"type":"string","description_kind":"plain","optional":true},"username_label":{"type":"string","description_kind":"plain","optional":true}},"nesting_mode":"single"},"description_kind":"plain","optional":true},"registration_user_text":{"nested_type":{"attributes":{"back_button_text":{"type":"string","description_kind":"plain","optional":true},"description":{"type":"string","description_kind":"plain","optional":true},"description_org_register":{"type":"string","description_kind":"plain","optional":true},"email_label":{"type":"string","description_kind":"plain","optional":true},"firstname_label":{"type":"string","description_kind":"plain","optional":true},"gender_label":{"type":"string","description_kind":"plain","optional":true},"language_label":{"type":"string","description_kind":"plain","optional":true},"lastname_label":{"type":"string","description_kind":"plain","optional":true},"next_button_text":{"type":"string","description_kind":"plain","optional":true},"password_confirm_label":{"type":"string","description_kind":"plain","optional":true},"password_label":{"type":"string","description_kind":"plain","optional":true},"privacy_confirm":{"type":"string","description_kind":"plain","optional":true},"privacy_link_text":{"type":"string","description_kind":"plain","optional":true},"title":{"type":"string","description_kind":"plain","optional":true},"tos_and_privacy_label":{"type":"string","description_kind":"plain","optional":true},"tos_confirm":{"type":"string","description_kind":"plain","optional":true},"tos_link_text":{"type":"string","description_kind":"plain","optional":true},"username_label":{"type":"string","description_kind":"plain","optional":true}},"nesting_mode":"single"},"description_kind":"plain","optional":true},"select_account_text":{"nested_type":{"attributes":{"description":{"type":"string","description_kind":"plain","optional":true},"description_linking_process":{"type":"string","description_kind":"plain","optional":true},"other_user":{"type":"string","description_kind":"plain","optional":true},"session_state_active":{"type":"string","description_kind":"plain","optional":true},"session_state_inactive":{"type":"string","description_kind":"plain","optional":true},"title":{"type":"string","description_kind":"plain","optional":true},"title_linking_process":{"type":"string","description_kind":"plain","optional":true},"user_must_be_member_of_org":{"type":"string","description_kind":"plain","optional":true}},"nesting_mode":"single"},"description_kind":"plain","optional":true},"success_login_text":{"nested_type":{"attributes":{"auto_redirect_description":{"type":"string","description":"Text to describe that auto-redirect should happen after successful login","description_kind":"plain","optional":true},"next_button_text":{"type":"string","description_kind":"plain","optional":true},"redirected_description":{"type":"string","description":"Text to describe that the window can be closed after redirect","description_kind":"plain","optional":true},"title":{"type":"string","description_kind":"plain","optional":true}},"nesting_mode":"single"},"description_kind":"plain","optional":true},"username_change_done_text":{"nested_type":{"attributes":{"description":{"type":"string","description_kind":"plain","optional":true},"next_button_text":{"type":"string","description_kind":"plain","optional":true},"title":{"type":"string","description_kind":"plain","optional":true}},"nesting_mode":"single"},"description_kind":"plain","optional":true},"username_change_text":{"nested_type":{"attributes":{"cancel_button_text":{"type":"string","description_kind":"plain","optional":true},"description":{"type":"string","description_kind":"plain","optional":true},"next_button_text":{"type":"string","description_kind":"plain","optional":true},"title":{"type":"string","description_kind":"plain","optional":true},"username_label":{"type":"string","description_kind":"plain","optional":true}},"nesting_mode":"single"},"description_kind":"plain","optional":true},"verify_mfa_otp_text":{"nested_type":{"attributes":{"code_label":{"type":"string","description_kind":"plain","optional":true},"description":{"type":"string","description_kind":"plain","optional":true},"next_button_text":{"type":"string","description_kind":"plain","optional":true},"title":{"type":"string","description_kind":"plain","optional":true}},"nesting_mode":"single"},"description_kind":"plain","optional":true},"verify_mfa_u2f_text":{"nested_type":{"attributes":{"description":{"type":"string","description_kind":"plain","optional":true},"error_retry":{"type":"string","description_kind":"plain","optional":true},"not_supported":{"type":"string","description_kind":"plain","optional":true},"title":{"type":"string","description_kind":"plain","optional":true},"validate_token_text":{"type":"string","description_kind":"plain","optional":true}},"nesting_mode":"single"},"description_kind":"plain","optional":true}},"description_kind":"plain"}},"zitadel_machine_key":{"version":0,"block":{"attributes":{"expiration_date":{"type":"string","description":"Expiration date of the machine key in the RFC3339 format","description_kind":"plain","optional":true,"computed":true},"id":{"type":"string","description_kind":"plain","optional":true,"computed":true},"key_details":{"type":"string","description":"Value of the machine key","description_kind":"plain","computed":true,"sensitive":true},"key_type":{"type":"string","description":"Type of the machine key, supported values: KEY_TYPE_UNSPECIFIED, KEY_TYPE_JSON","description_kind":"plain","required":true},"org_id":{"type":"string","description":"ID of the organization","description_kind":"plain","optional":true},"user_id":{"type":"string","description":"ID of the user","description_kind":"plain","required":true}},"description":"Resource representing a machine key","description_kind":"plain"}},"zitadel_machine_user":{"version":0,"block":{"attributes":{"access_token_type":{"type":"string","description":"Access token type, supported values: ACCESS_TOKEN_TYPE_BEARER, ACCESS_TOKEN_TYPE_JWT","description_kind":"plain","optional":true},"client_id":{"type":"string","description":"Value of the client ID if withSecret is true","description_kind":"plain","computed":true,"sensitive":true},"client_secret":{"type":"string","description":"Value of the client secret if withSecret is true","description_kind":"plain","computed":true,"sensitive":true},"description":{"type":"string","description":"Description of the user","description_kind":"plain","optional":true},"id":{"type":"string","description_kind":"plain","optional":true,"computed":true},"login_names":{"type":["list","string"],"description":"Loginnames","description_kind":"plain","computed":true},"name":{"type":"string","description":"Name of the machine user","description_kind":"plain","required":true},"org_id":{"type":"string","description":"ID of the organization","description_kind":"plain","optional":true},"preferred_login_name":{"type":"string","description":"Preferred login name","description_kind":"plain","computed":true},"state":{"type":"string","description":"State of the user","description_kind":"plain","computed":true},"user_name":{"type":"string","description":"Username","description_kind":"plain","required":true},"with_secret":{"type":"bool","description":"Generate machine secret, only applicable if creation or change from false","description_kind":"plain","optional":true}},"description":"Resource representing a serviceaccount situated under an organization, which then can be authorized through memberships or direct grants on other resources.","description_kind":"plain"}},"zitadel_notification_policy":{"version":0,"block":{"attributes":{"id":{"type":"string","description_kind":"plain","optional":true,"computed":true},"org_id":{"type":"string","description":"ID of the organization","description_kind":"plain","optional":true},"password_change":{"type":"bool","description":"Send notification if a user changes his password","description_kind":"plain","required":true}},"description":"Resource representing the custom notification policy of an organization.","description_kind":"plain"}},"zitadel_org":{"version":0,"block":{"attributes":{"id":{"type":"string","description_kind":"plain","optional":true,"computed":true},"is_default":{"type":"bool","description":"True sets the org as default org for the instance. Only one org can be default org. Nothing happens if you set it to false until you set another org as default org.","description_kind":"plain","optional":true},"name":{"type":"string","description":"Name of the org","description_kind":"plain","required":true},"primary_domain":{"type":"string","description":"Primary domain of the org","description_kind":"plain","computed":true},"state":{"type":"string","description":"State of the org","description_kind":"plain","computed":true}},"description":"Resource representing an organization in ZITADEL, which is the highest level after the instance and contains several other resource including policies if the configuration differs to the default policies on the instance.","description_kind":"plain"}},"zitadel_org_idp_azure_ad":{"version":0,"block":{"attributes":{"client_id":{"type":"string","description":"client id generated by the identity provider","description_kind":"plain","required":true},"client_secret":{"type":"string","description":"client secret generated by the identity provider","description_kind":"plain","required":true,"sensitive":true},"email_verified":{"type":"bool","description":"automatically mark emails as verified","description_kind":"plain","required":true},"id":{"type":"string","description_kind":"plain","optional":true,"computed":true},"is_auto_creation":{"type":"bool","description":"enable if a new account in ZITADEL should be created automatically on login with an external account","description_kind":"plain","required":true},"is_auto_update":{"type":"bool","description":"enable if a the ZITADEL account fields should be updated automatically on each login","description_kind":"plain","required":true},"is_creation_allowed":{"type":"bool","description":"enable if users should be able to create a new account in ZITADEL when using an external account","description_kind":"plain","required":true},"is_linking_allowed":{"type":"bool","description":"enable if users should be able to link an existing ZITADEL user with an external account","description_kind":"plain","required":true},"name":{"type":"string","description":"Name of the IDP","description_kind":"plain","optional":true},"org_id":{"type":"string","description":"ID of the organization","description_kind":"plain","optional":true},"scopes":{"type":["set","string"],"description":"the scopes requested by ZITADEL during the request on the identity provider","description_kind":"plain","optional":true},"tenant_id":{"type":"string","description":"if tenant_id is not set, the tenant_type is used","description_kind":"plain","optional":true},"tenant_type":{"type":"string","description":"the azure ad tenant type","description_kind":"plain","optional":true}},"description":"Resource representing an Azure AD IdP on the organization.","description_kind":"plain"}},"zitadel_org_idp_github":{"version":0,"block":{"attributes":{"client_id":{"type":"string","description":"client id generated by the identity provider","description_kind":"plain","required":true},"client_secret":{"type":"string","description":"client secret generated by the identity provider","description_kind":"plain","required":true,"sensitive":true},"id":{"type":"string","description_kind":"plain","optional":true,"computed":true},"is_auto_creation":{"type":"bool","description":"enable if a new account in ZITADEL should be created automatically on login with an external account","description_kind":"plain","required":true},"is_auto_update":{"type":"bool","description":"enable if a the ZITADEL account fields should be updated automatically on each login","description_kind":"plain","required":true},"is_creation_allowed":{"type":"bool","description":"enable if users should be able to create a new account in ZITADEL when using an external account","description_kind":"plain","required":true},"is_linking_allowed":{"type":"bool","description":"enable if users should be able to link an existing ZITADEL user with an external account","description_kind":"plain","required":true},"name":{"type":"string","description":"Name of the IDP","description_kind":"plain","optional":true},"org_id":{"type":"string","description":"ID of the organization","description_kind":"plain","optional":true},"scopes":{"type":["set","string"],"description":"the scopes requested by ZITADEL during the request on the identity provider","description_kind":"plain","optional":true}},"description":"Resource representing a GitHub IdP on the organization.","description_kind":"plain"}},"zitadel_org_idp_github_es":{"version":0,"block":{"attributes":{"authorization_endpoint":{"type":"string","description":"the providers authorization endpoint","description_kind":"plain","required":true},"client_id":{"type":"string","description":"client id generated by the identity provider","description_kind":"plain","required":true},"client_secret":{"type":"string","description":"client secret generated by the identity provider","description_kind":"plain","required":true,"sensitive":true},"id":{"type":"string","description_kind":"plain","optional":true,"computed":true},"is_auto_creation":{"type":"bool","description":"enable if a new account in ZITADEL should be created automatically on login with an external account","description_kind":"plain","required":true},"is_auto_update":{"type":"bool","description":"enable if a the ZITADEL account fields should be updated automatically on each login","description_kind":"plain","required":true},"is_creation_allowed":{"type":"bool","description":"enable if users should be able to create a new account in ZITADEL when using an external account","description_kind":"plain","required":true},"is_linking_allowed":{"type":"bool","description":"enable if users should be able to link an existing ZITADEL user with an external account","description_kind":"plain","required":true},"name":{"type":"string","description":"Name of the IDP","description_kind":"plain","optional":true},"org_id":{"type":"string","description":"ID of the organization","description_kind":"plain","optional":true},"scopes":{"type":["set","string"],"description":"the scopes requested by ZITADEL during the request on the identity provider","description_kind":"plain","optional":true},"token_endpoint":{"type":"string","description":"the providers token endpoint","description_kind":"plain","required":true},"user_endpoint":{"type":"string","description":"the providers user endpoint","description_kind":"plain","required":true}},"description":"Resource representing a GitHub Enterprise IdP on the organization.","description_kind":"plain"}},"zitadel_org_idp_gitlab":{"version":0,"block":{"attributes":{"client_id":{"type":"string","description":"client id generated by the identity provider","description_kind":"plain","required":true},"client_secret":{"type":"string","description":"client secret generated by the identity provider","description_kind":"plain","required":true,"sensitive":true},"id":{"type":"string","description_kind":"plain","optional":true,"computed":true},"is_auto_creation":{"type":"bool","description":"enable if a new account in ZITADEL should be created automatically on login with an external account","description_kind":"plain","required":true},"is_auto_update":{"type":"bool","description":"enable if a the ZITADEL account fields should be updated automatically on each login","description_kind":"plain","required":true},"is_creation_allowed":{"type":"bool","description":"enable if users should be able to create a new account in ZITADEL when using an external account","description_kind":"plain","required":true},"is_linking_allowed":{"type":"bool","description":"enable if users should be able to link an existing ZITADEL user with an external account","description_kind":"plain","required":true},"name":{"type":"string","description":"Name of the IDP","description_kind":"plain","optional":true},"org_id":{"type":"string","description":"ID of the organization","description_kind":"plain","optional":true},"scopes":{"type":["set","string"],"description":"the scopes requested by ZITADEL during the request on the identity provider","description_kind":"plain","optional":true}},"description":"Resource representing a GitLab IdP on the organization.","description_kind":"plain"}},"zitadel_org_idp_gitlab_self_hosted":{"version":0,"block":{"attributes":{"client_id":{"type":"string","description":"client id generated by the identity provider","description_kind":"plain","required":true},"client_secret":{"type":"string","description":"client secret generated by the identity provider","description_kind":"plain","required":true,"sensitive":true},"id":{"type":"string","description_kind":"plain","optional":true,"computed":true},"is_auto_creation":{"type":"bool","description":"enable if a new account in ZITADEL should be created automatically on login with an external account","description_kind":"plain","required":true},"is_auto_update":{"type":"bool","description":"enable if a the ZITADEL account fields should be updated automatically on each login","description_kind":"plain","required":true},"is_creation_allowed":{"type":"bool","description":"enable if users should be able to create a new account in ZITADEL when using an external account","description_kind":"plain","required":true},"is_linking_allowed":{"type":"bool","description":"enable if users should be able to link an existing ZITADEL user with an external account","description_kind":"plain","required":true},"issuer":{"type":"string","description":"the providers issuer","description_kind":"plain","required":true},"name":{"type":"string","description":"Name of the IDP","description_kind":"plain","optional":true},"org_id":{"type":"string","description":"ID of the organization","description_kind":"plain","optional":true},"scopes":{"type":["set","string"],"description":"the scopes requested by ZITADEL during the request on the identity provider","description_kind":"plain","optional":true}},"description":"Resource representing a GitLab Self Hosted IdP on the organization.","description_kind":"plain"}},"zitadel_org_idp_google":{"version":0,"block":{"attributes":{"client_id":{"type":"string","description":"client id generated by the identity provider","description_kind":"plain","required":true},"client_secret":{"type":"string","description":"client secret generated by the identity provider","description_kind":"plain","required":true,"sensitive":true},"id":{"type":"string","description_kind":"plain","optional":true,"computed":true},"is_auto_creation":{"type":"bool","description":"enable if a new account in ZITADEL should be created automatically on login with an external account","description_kind":"plain","required":true},"is_auto_update":{"type":"bool","description":"enable if a the ZITADEL account fields should be updated automatically on each login","description_kind":"plain","required":true},"is_creation_allowed":{"type":"bool","description":"enable if users should be able to create a new account in ZITADEL when using an external account","description_kind":"plain","required":true},"is_linking_allowed":{"type":"bool","description":"enable if users should be able to link an existing ZITADEL user with an external account","description_kind":"plain","required":true},"name":{"type":"string","description":"Name of the IDP","description_kind":"plain","optional":true},"org_id":{"type":"string","description":"ID of the organization","description_kind":"plain","optional":true},"scopes":{"type":["set","string"],"description":"the scopes requested by ZITADEL during the request on the identity provider","description_kind":"plain","optional":true}},"description":"Resource representing a Google IdP on the organization.","description_kind":"plain"}},"zitadel_org_idp_jwt":{"version":0,"block":{"attributes":{"auto_register":{"type":"bool","description":"auto register for users from this idp","description_kind":"plain","required":true},"header_name":{"type":"string","description":"the name of the header where the JWT is sent in, default is authorization","description_kind":"plain","required":true},"id":{"type":"string","description_kind":"plain","optional":true,"computed":true},"issuer":{"type":"string","description":"the issuer of the jwt (for validation)","description_kind":"plain","required":true},"jwt_endpoint":{"type":"string","description":"the endpoint where the jwt can be extracted","description_kind":"plain","required":true},"keys_endpoint":{"type":"string","description":"the endpoint to the key (JWK) which are used to sign the JWT with","description_kind":"plain","required":true},"name":{"type":"string","description":"Name of the IDP","description_kind":"plain","required":true},"org_id":{"type":"string","description":"ID of the organization","description_kind":"plain","optional":true},"styling_type":{"type":"string","description":"Some identity providers specify the styling of the button to their login, supported values: STYLING_TYPE_UNSPECIFIED, STYLING_TYPE_GOOGLE","description_kind":"plain","required":true}},"description":"Resource representing a generic JWT IdP of the organization.","description_kind":"plain"}},"zitadel_org_idp_ldap":{"version":0,"block":{"attributes":{"avatar_url_attribute":{"type":"string","description":"User attribute for the avatar url","description_kind":"plain","optional":true},"base_dn":{"type":"string","description":"Base DN for LDAP connections","description_kind":"plain","required":true},"bind_dn":{"type":"string","description":"Bind DN for LDAP connections","description_kind":"plain","required":true},"bind_password":{"type":"string","description":"Bind password for LDAP connections","description_kind":"plain","required":true,"sensitive":true},"display_name_attribute":{"type":"string","description":"User attribute for the display name","description_kind":"plain","optional":true},"email_attribute":{"type":"string","description":"User attribute for the email","description_kind":"plain","optional":true},"email_verified_attribute":{"type":"string","description":"User attribute for the email verified state","description_kind":"plain","optional":true},"first_name_attribute":{"type":"string","description":"User attribute for the first name","description_kind":"plain","optional":true},"id":{"type":"string","description_kind":"plain","optional":true,"computed":true},"id_attribute":{"type":"string","description":"User attribute for the id","description_kind":"plain","optional":true},"is_auto_creation":{"type":"bool","description":"enable if a new account in ZITADEL should be created automatically on login with an external account","description_kind":"plain","required":true},"is_auto_update":{"type":"bool","description":"enable if a the ZITADEL account fields should be updated automatically on each login","description_kind":"plain","required":true},"is_creation_allowed":{"type":"bool","description":"enable if users should be able to create a new account in ZITADEL when using an external account","description_kind":"plain","required":true},"is_linking_allowed":{"type":"bool","description":"enable if users should be able to link an existing ZITADEL user with an external account","description_kind":"plain","required":true},"last_name_attribute":{"type":"string","description":"User attribute for the last name","description_kind":"plain","optional":true},"name":{"type":"string","description":"Name of the IDP","description_kind":"plain","optional":true},"nick_name_attribute":{"type":"string","description":"User attribute for the nick name","description_kind":"plain","optional":true},"org_id":{"type":"string","description":"ID of the organization","description_kind":"plain","optional":true},"phone_attribute":{"type":"string","description":"User attribute for the phone","description_kind":"plain","optional":true},"phone_verified_attribute":{"type":"string","description":"User attribute for the phone verified state","description_kind":"plain","optional":true},"preferred_language_attribute":{"type":"string","description":"User attribute for the preferred language","description_kind":"plain","optional":true},"preferred_username_attribute":{"type":"string","description":"User attribute for the preferred username","description_kind":"plain","optional":true},"profile_attribute":{"type":"string","description":"User attribute for the profile","description_kind":"plain","optional":true},"servers":{"type":["list","string"],"description":"Servers to try in order for establishing LDAP connections","description_kind":"plain","required":true},"start_tls":{"type":"bool","description":"Wether to use StartTLS for LDAP connections","description_kind":"plain","required":true},"timeout":{"type":"string","description":"Timeout for LDAP connections","description_kind":"plain","required":true},"user_base":{"type":"string","description":"User base for LDAP connections","description_kind":"plain","required":true},"user_filters":{"type":["set","string"],"description":"User filters for LDAP connections","description_kind":"plain","required":true},"user_object_classes":{"type":["set","string"],"description":"User object classes for LDAP connections","description_kind":"plain","required":true}},"description":"Resource representing an LDAP IdP on the organization.","description_kind":"plain"}},"zitadel_org_idp_oauth":{"version":0,"block":{"attributes":{"authorization_endpoint":{"type":"string","description":"The authorization endpoint","description_kind":"plain","required":true},"client_id":{"type":"string","description":"client id generated by the identity provider","description_kind":"plain","required":true},"client_secret":{"type":"string","description":"client secret generated by the identity provider","description_kind":"plain","required":true,"sensitive":true},"id":{"type":"string","description_kind":"plain","optional":true,"computed":true},"id_attribute":{"type":"string","description":"The id attribute","description_kind":"plain","required":true},"is_auto_creation":{"type":"bool","description":"enable if a new account in ZITADEL should be created automatically on login with an external account","description_kind":"plain","required":true},"is_auto_update":{"type":"bool","description":"enable if a the ZITADEL account fields should be updated automatically on each login","description_kind":"plain","required":true},"is_creation_allowed":{"type":"bool","description":"enable if users should be able to create a new account in ZITADEL when using an external account","description_kind":"plain","required":true},"is_linking_allowed":{"type":"bool","description":"enable if users should be able to link an existing ZITADEL user with an external account","description_kind":"plain","required":true},"name":{"type":"string","description":"Name of the IDP","description_kind":"plain","optional":true},"org_id":{"type":"string","description":"ID of the organization","description_kind":"plain","optional":true},"scopes":{"type":["set","string"],"description":"the scopes requested by ZITADEL during the request on the identity provider","description_kind":"plain","optional":true},"token_endpoint":{"type":"string","description":"The token endpoint","description_kind":"plain","required":true},"user_endpoint":{"type":"string","description":"The user endpoint","description_kind":"plain","required":true}},"description":"Resource representing a generic OAuth2 IDP on the organization.","description_kind":"plain"}},"zitadel_org_idp_oidc":{"version":0,"block":{"attributes":{"client_id":{"type":"string","description":"client id generated by the identity provider","description_kind":"plain","required":true},"client_secret":{"type":"string","description":"client secret generated by the identity provider","description_kind":"plain","required":true,"sensitive":true},"id":{"type":"string","description_kind":"plain","optional":true,"computed":true},"is_auto_creation":{"type":"bool","description":"enable if a new account in ZITADEL should be created automatically on login with an external account","description_kind":"plain","required":true},"is_auto_update":{"type":"bool","description":"enable if a the ZITADEL account fields should be updated automatically on each login","description_kind":"plain","required":true},"is_creation_allowed":{"type":"bool","description":"enable if users should be able to create a new account in ZITADEL when using an external account","description_kind":"plain","required":true},"is_id_token_mapping":{"type":"bool","description":"if true, provider information get mapped from the id token, not from the userinfo endpoint","description_kind":"plain","required":true},"is_linking_allowed":{"type":"bool","description":"enable if users should be able to link an existing ZITADEL user with an external account","description_kind":"plain","required":true},"issuer":{"type":"string","description":"the issuer of the idp","description_kind":"plain","required":true},"name":{"type":"string","description":"Name of the IDP","description_kind":"plain","optional":true},"org_id":{"type":"string","description":"ID of the organization","description_kind":"plain","optional":true},"scopes":{"type":["set","string"],"description":"the scopes requested by ZITADEL during the request on the identity provider","description_kind":"plain","optional":true}},"description":"Resource representing a generic OIDC IdP on the organization.","description_kind":"plain"}},"zitadel_org_idp_saml":{"version":0,"block":{"attributes":{"binding":{"type":"string","description":"The binding, supported values: SAML_BINDING_UNSPECIFIED, SAML_BINDING_POST, SAML_BINDING_REDIRECT, SAML_BINDING_ARTIFACT","description_kind":"plain","optional":true},"id":{"type":"string","description_kind":"plain","optional":true,"computed":true},"is_auto_creation":{"type":"bool","description":"enable if a new account in ZITADEL should be created automatically on login with an external account","description_kind":"plain","required":true},"is_auto_update":{"type":"bool","description":"enable if a the ZITADEL account fields should be updated automatically on each login","description_kind":"plain","required":true},"is_creation_allowed":{"type":"bool","description":"enable if users should be able to create a new account in ZITADEL when using an external account","description_kind":"plain","required":true},"is_linking_allowed":{"type":"bool","description":"enable if users should be able to link an existing ZITADEL user with an external account","description_kind":"plain","required":true},"metadata_xml":{"type":"string","description":"The metadata XML as plain string","description_kind":"plain","required":true},"name":{"type":"string","description":"Name of the IDP","description_kind":"plain","optional":true},"org_id":{"type":"string","description":"ID of the organization","description_kind":"plain","optional":true},"with_signed_request":{"type":"bool","description":"Whether the SAML IDP requires signed requests","description_kind":"plain","optional":true}},"description":"Resource representing a SAML IdP on the organization.","description_kind":"plain"}},"zitadel_org_member":{"version":0,"block":{"attributes":{"id":{"type":"string","description_kind":"plain","optional":true,"computed":true},"org_id":{"type":"string","description":"ID of the organization","description_kind":"plain","optional":true},"roles":{"type":["set","string"],"description":"List of roles granted","description_kind":"plain","required":true},"user_id":{"type":"string","description":"ID of the user","description_kind":"plain","required":true}},"description":"Resource representing the membership of a user on an organization, defined with the given role.","description_kind":"plain"}},"zitadel_org_metadata":{"version":0,"block":{"attributes":{"id":{"type":"string","description_kind":"plain","optional":true,"computed":true},"key":{"type":"string","description":"The key of a metadata entry","description_kind":"plain","required":true},"org_id":{"type":"string","description":"ID of the organization","description_kind":"plain","optional":true},"value":{"type":"string","description":"The string representation of a metadata entry value. For binary data, use the base64encode function.","description_kind":"plain","required":true}},"description":"Add a custom attribute to the organization like its location or an identifier in another system. You can use this information in your actions. This Terraform resource manages a single key-value pair.","description_kind":"plain"}},"zitadel_password_change_message_text":{"version":0,"block":{"attributes":{"button_text":{"type":"string","description_kind":"plain","optional":true},"footer_text":{"type":"string","description_kind":"plain","optional":true},"greeting":{"type":"string","description_kind":"plain","optional":true},"id":{"type":"string","description_kind":"plain","computed":true},"language":{"type":"string","description_kind":"plain","required":true},"org_id":{"type":"string","description_kind":"plain","required":true},"pre_header":{"type":"string","description_kind":"plain","optional":true},"subject":{"type":"string","description_kind":"plain","optional":true},"text":{"type":"string","description_kind":"plain","optional":true},"title":{"type":"string","description_kind":"plain","optional":true}},"description_kind":"plain"}},"zitadel_password_complexity_policy":{"version":0,"block":{"attributes":{"has_lowercase":{"type":"bool","description":"defines if the password MUST contain a lower case letter","description_kind":"plain","required":true},"has_number":{"type":"bool","description":"defines if the password MUST contain a number","description_kind":"plain","required":true},"has_symbol":{"type":"bool","description":"defines if the password MUST contain a symbol. E.g. \"$\"","description_kind":"plain","required":true},"has_uppercase":{"type":"bool","description":"defines if the password MUST contain an upper case letter","description_kind":"plain","required":true},"id":{"type":"string","description_kind":"plain","optional":true,"computed":true},"min_length":{"type":"number","description":"Minimal length for the password","description_kind":"plain","required":true},"org_id":{"type":"string","description":"ID of the organization","description_kind":"plain","optional":true}},"description":"Resource representing the custom password complexity policy of an organization.","description_kind":"plain"}},"zitadel_password_reset_message_text":{"version":0,"block":{"attributes":{"button_text":{"type":"string","description_kind":"plain","optional":true},"footer_text":{"type":"string","description_kind":"plain","optional":true},"greeting":{"type":"string","description_kind":"plain","optional":true},"id":{"type":"string","description_kind":"plain","computed":true},"language":{"type":"string","description_kind":"plain","required":true},"org_id":{"type":"string","description_kind":"plain","required":true},"pre_header":{"type":"string","description_kind":"plain","optional":true},"subject":{"type":"string","description_kind":"plain","optional":true},"text":{"type":"string","description_kind":"plain","optional":true},"title":{"type":"string","description_kind":"plain","optional":true}},"description_kind":"plain"}},"zitadel_passwordless_registration_message_text":{"version":0,"block":{"attributes":{"button_text":{"type":"string","description_kind":"plain","optional":true},"footer_text":{"type":"string","description_kind":"plain","optional":true},"greeting":{"type":"string","description_kind":"plain","optional":true},"id":{"type":"string","description_kind":"plain","computed":true},"language":{"type":"string","description_kind":"plain","required":true},"org_id":{"type":"string","description_kind":"plain","required":true},"pre_header":{"type":"string","description_kind":"plain","optional":true},"subject":{"type":"string","description_kind":"plain","optional":true},"text":{"type":"string","description_kind":"plain","optional":true},"title":{"type":"string","description_kind":"plain","optional":true}},"description_kind":"plain"}},"zitadel_personal_access_token":{"version":0,"block":{"attributes":{"expiration_date":{"type":"string","description":"Expiration date of the token in the RFC3339 format","description_kind":"plain","optional":true},"id":{"type":"string","description_kind":"plain","optional":true,"computed":true},"org_id":{"type":"string","description":"ID of the organization","description_kind":"plain","optional":true},"token":{"type":"string","description":"Value of the token","description_kind":"plain","computed":true,"sensitive":true},"user_id":{"type":"string","description":"ID of the user","description_kind":"plain","required":true}},"description":"Resource representing a personal access token of a user","description_kind":"plain"}},"zitadel_privacy_policy":{"version":0,"block":{"attributes":{"help_link":{"type":"string","description_kind":"plain","optional":true},"id":{"type":"string","description_kind":"plain","optional":true,"computed":true},"org_id":{"type":"string","description":"ID of the organization","description_kind":"plain","optional":true},"privacy_link":{"type":"string","description_kind":"plain","optional":true},"support_email":{"type":"string","description_kind":"plain","optional":true},"tos_link":{"type":"string","description_kind":"plain","optional":true}},"description":"Resource representing the custom privacy policy of an organization.","description_kind":"plain"}},"zitadel_project":{"version":0,"block":{"attributes":{"has_project_check":{"type":"bool","description":"ZITADEL checks if the org of the user has permission to this project","description_kind":"plain","optional":true},"id":{"type":"string","description_kind":"plain","optional":true,"computed":true},"name":{"type":"string","description":"Name of the project","description_kind":"plain","required":true},"org_id":{"type":"string","description":"ID of the organization","description_kind":"plain","optional":true},"private_labeling_setting":{"type":"string","description":"Defines from where the private labeling should be triggered, supported values: PRIVATE_LABELING_SETTING_UNSPECIFIED, PRIVATE_LABELING_SETTING_ENFORCE_PROJECT_RESOURCE_OWNER_POLICY, PRIVATE_LABELING_SETTING_ALLOW_LOGIN_USER_RESOURCE_OWNER_POLICY","description_kind":"plain","optional":true},"project_role_assertion":{"type":"bool","description":"describes if roles of user should be added in token","description_kind":"plain","optional":true},"project_role_check":{"type":"bool","description":"ZITADEL checks if the user has at least one on this project","description_kind":"plain","optional":true},"state":{"type":"string","description":"State of the project","description_kind":"plain","computed":true}},"description":"Resource representing the project, which can then be granted to different organizations or users directly, containing different applications.","description_kind":"plain"}},"zitadel_project_grant":{"version":0,"block":{"attributes":{"granted_org_id":{"type":"string","description":"ID of the organization granted the project","description_kind":"plain","required":true},"id":{"type":"string","description_kind":"plain","optional":true,"computed":true},"org_id":{"type":"string","description":"ID of the organization","description_kind":"plain","optional":true},"project_id":{"type":"string","description":"ID of the project","description_kind":"plain","required":true},"role_keys":{"type":["set","string"],"description":"List of roles granted","description_kind":"plain","optional":true}},"description":"Resource representing the grant of a project to a different organization, also containing the available roles which can be given to the members of the projectgrant.","description_kind":"plain"}},"zitadel_project_grant_member":{"version":0,"block":{"attributes":{"grant_id":{"type":"string","description":"ID of the grant","description_kind":"plain","required":true},"id":{"type":"string","description_kind":"plain","optional":true,"computed":true},"org_id":{"type":"string","description":"ID of the organization","description_kind":"plain","optional":true},"project_id":{"type":"string","description":"ID of the project","description_kind":"plain","required":true},"roles":{"type":["set","string"],"description":"List of roles granted","description_kind":"plain","required":true},"user_id":{"type":"string","description":"ID of the user","description_kind":"plain","required":true}},"description":"Resource representing the membership of a user on an granted project, defined with the given role.","description_kind":"plain"}},"zitadel_project_member":{"version":0,"block":{"attributes":{"id":{"type":"string","description_kind":"plain","optional":true,"computed":true},"org_id":{"type":"string","description":"ID of the organization","description_kind":"plain","optional":true},"project_id":{"type":"string","description":"ID of the project","description_kind":"plain","required":true},"roles":{"type":["set","string"],"description":"List of roles granted","description_kind":"plain","required":true},"user_id":{"type":"string","description":"ID of the user","description_kind":"plain","required":true}},"description":"Resource representing the membership of a user on an project, defined with the given role.","description_kind":"plain"}},"zitadel_project_role":{"version":0,"block":{"attributes":{"display_name":{"type":"string","description":"Name used for project role","description_kind":"plain","required":true},"group":{"type":"string","description":"Group used for project role","description_kind":"plain","optional":true},"id":{"type":"string","description_kind":"plain","optional":true,"computed":true},"org_id":{"type":"string","description":"ID of the organization","description_kind":"plain","optional":true},"project_id":{"type":"string","description":"ID of the project","description_kind":"plain","required":true},"role_key":{"type":"string","description":"Key used for project role","description_kind":"plain","required":true}},"description":"Resource representing the project roles, which can be given as authorizations to users.","description_kind":"plain"}},"zitadel_sms_provider_twilio":{"version":0,"block":{"attributes":{"id":{"type":"string","description_kind":"plain","optional":true,"computed":true},"sender_number":{"type":"string","description":"Sender number which is used to send the SMS.","description_kind":"plain","required":true},"sid":{"type":"string","description":"SID used to communicate with Twilio.","description_kind":"plain","required":true},"token":{"type":"string","description":"Token used to communicate with Twilio.","description_kind":"plain","required":true,"sensitive":true}},"description":"Resource representing the SMS provider Twilio configuration of an instance.","description_kind":"plain"}},"zitadel_smtp_config":{"version":0,"block":{"attributes":{"host":{"type":"string","description":"Host and port address to your SMTP server.","description_kind":"plain","required":true},"id":{"type":"string","description_kind":"plain","optional":true,"computed":true},"password":{"type":"string","description":"Password used to communicate with your SMTP server.","description_kind":"plain","optional":true,"sensitive":true},"reply_to_address":{"type":"string","description":"Address to reply to.","description_kind":"plain","optional":true},"sender_address":{"type":"string","description":"Address used to send emails.","description_kind":"plain","required":true},"sender_name":{"type":"string","description":"Sender name used to send emails.","description_kind":"plain","required":true},"set_active":{"type":"bool","description":"Set the SMTP configuration active after creating/updating","description_kind":"plain","optional":true},"tls":{"type":"bool","description":"TLS used to communicate with your SMTP server.","description_kind":"plain","optional":true},"user":{"type":"string","description":"User used to communicate with your SMTP server.","description_kind":"plain","optional":true}},"description":"Resource representing the SMTP configuration of an instance.","description_kind":"plain"}},"zitadel_trigger_actions":{"version":0,"block":{"attributes":{"action_ids":{"type":["set","string"],"description":"IDs of the triggered actions","description_kind":"plain","required":true},"flow_type":{"type":"string","description":"Type of the flow to which the action triggers belong, supported values: FLOW_TYPE_EXTERNAL_AUTHENTICATION, FLOW_TYPE_CUSTOMISE_TOKEN, FLOW_TYPE_INTERNAL_AUTHENTICATION, FLOW_TYPE_SAML_RESPONSE","description_kind":"plain","required":true},"id":{"type":"string","description_kind":"plain","optional":true,"computed":true},"org_id":{"type":"string","description":"ID of the organization","description_kind":"plain","optional":true},"trigger_type":{"type":"string","description":"Trigger type on when the actions get triggered, supported values: TRIGGER_TYPE_POST_AUTHENTICATION, TRIGGER_TYPE_PRE_CREATION, TRIGGER_TYPE_POST_CREATION, TRIGGER_TYPE_PRE_USERINFO_CREATION, TRIGGER_TYPE_PRE_ACCESS_TOKEN_CREATION, TRIGGER_TYPE_PRE_SAML_RESPONSE_CREATION","description_kind":"plain","required":true}},"description":"Resource representing triggers, when actions get started","description_kind":"plain"}},"zitadel_user_grant":{"version":0,"block":{"attributes":{"id":{"type":"string","description_kind":"plain","optional":true,"computed":true},"org_id":{"type":"string","description":"ID of the organization","description_kind":"plain","optional":true},"project_grant_id":{"type":"string","description":"ID of the granted project","description_kind":"plain","optional":true},"project_id":{"type":"string","description":"ID of the project","description_kind":"plain","optional":true},"role_keys":{"type":["set","string"],"description":"List of roles granted","description_kind":"plain","optional":true},"user_id":{"type":"string","description":"ID of the user","description_kind":"plain","required":true}},"description":"Resource representing the authorization given to a user directly, including the given roles.","description_kind":"plain"}},"zitadel_user_metadata":{"version":0,"block":{"attributes":{"id":{"type":"string","description_kind":"plain","optional":true,"computed":true},"key":{"type":"string","description":"The key of a metadata entry","description_kind":"plain","required":true},"org_id":{"type":"string","description":"ID of the organization","description_kind":"plain","optional":true},"user_id":{"type":"string","description":"ID of the user","description_kind":"plain","required":true},"value":{"type":"string","description":"The string representation of a metadata entry value. For binary data, use the base64encode function.","description_kind":"plain","required":true}},"description":"Add a custom attribute to the user like the authenticating system. You can use this information in your actions. This Terraform resource manages a single key-value pair.","description_kind":"plain"}},"zitadel_verify_email_message_text":{"version":0,"block":{"attributes":{"button_text":{"type":"string","description_kind":"plain","optional":true},"footer_text":{"type":"string","description_kind":"plain","optional":true},"greeting":{"type":"string","description_kind":"plain","optional":true},"id":{"type":"string","description_kind":"plain","computed":true},"language":{"type":"string","description_kind":"plain","required":true},"org_id":{"type":"string","description_kind":"plain","required":true},"pre_header":{"type":"string","description_kind":"plain","optional":true},"subject":{"type":"string","description_kind":"plain","optional":true},"text":{"type":"string","description_kind":"plain","optional":true},"title":{"type":"string","description_kind":"plain","optional":true}},"description_kind":"plain"}},"zitadel_verify_email_otp_message_text":{"version":0,"block":{"attributes":{"button_text":{"type":"string","description_kind":"plain","optional":true},"footer_text":{"type":"string","description_kind":"plain","optional":true},"greeting":{"type":"string","description_kind":"plain","optional":true},"id":{"type":"string","description_kind":"plain","computed":true},"language":{"type":"string","description_kind":"plain","required":true},"org_id":{"type":"string","description_kind":"plain","required":true},"pre_header":{"type":"string","description_kind":"plain","optional":true},"subject":{"type":"string","description_kind":"plain","optional":true},"text":{"type":"string","description_kind":"plain","optional":true},"title":{"type":"string","description_kind":"plain","optional":true}},"description_kind":"plain"}},"zitadel_verify_phone_message_text":{"version":0,"block":{"attributes":{"button_text":{"type":"string","description_kind":"plain","optional":true},"footer_text":{"type":"string","description_kind":"plain","optional":true},"greeting":{"type":"string","description_kind":"plain","optional":true},"id":{"type":"string","description_kind":"plain","computed":true},"language":{"type":"string","description_kind":"plain","required":true},"org_id":{"type":"string","description_kind":"plain","required":true},"pre_header":{"type":"string","description_kind":"plain","optional":true},"subject":{"type":"string","description_kind":"plain","optional":true},"text":{"type":"string","description_kind":"plain","optional":true},"title":{"type":"string","description_kind":"plain","optional":true}},"description_kind":"plain"}},"zitadel_verify_sms_otp_message_text":{"version":0,"block":{"attributes":{"button_text":{"type":"string","description_kind":"plain","optional":true},"footer_text":{"type":"string","description_kind":"plain","optional":true},"greeting":{"type":"string","description_kind":"plain","optional":true},"id":{"type":"string","description_kind":"plain","computed":true},"language":{"type":"string","description_kind":"plain","required":true},"org_id":{"type":"string","description_kind":"plain","required":true},"pre_header":{"type":"string","description_kind":"plain","optional":true},"subject":{"type":"string","description_kind":"plain","optional":true},"text":{"type":"string","description_kind":"plain","optional":true},"title":{"type":"string","description_kind":"plain","optional":true}},"description_kind":"plain"}}},"data_source_schemas":{"zitadel_action":{"version":0,"block":{"attributes":{"action_id":{"type":"string","description":"The ID of this resource.","description_kind":"plain","required":true},"allowed_to_fail":{"type":"bool","description":"when true, the next action will be called even if this action fails","description_kind":"plain","computed":true},"id":{"type":"string","description_kind":"plain","optional":true,"computed":true},"name":{"type":"string","description_kind":"plain","computed":true},"org_id":{"type":"string","description":"ID of the organization","description_kind":"plain","optional":true},"script":{"type":"string","description_kind":"plain","computed":true},"state":{"type":"number","description":"the state of the action","description_kind":"plain","computed":true},"timeout":{"type":"string","description":"after which time the action will be terminated if not finished","description_kind":"plain","computed":true}},"description":"Datasource representing an action belonging to an organization.","description_kind":"plain"}},"zitadel_application_api":{"version":0,"block":{"attributes":{"app_id":{"type":"string","description":"The ID of this resource.","description_kind":"plain","required":true},"auth_method_type":{"type":"string","description":"Auth method type","description_kind":"plain","computed":true},"client_id":{"type":"string","description":"generated ID for this config","description_kind":"plain","computed":true,"sensitive":true},"id":{"type":"string","description_kind":"plain","optional":true,"computed":true},"name":{"type":"string","description":"Name of the application","description_kind":"plain","computed":true},"org_id":{"type":"string","description":"ID of the organization","description_kind":"plain","optional":true},"project_id":{"type":"string","description":"ID of the project","description_kind":"plain","required":true}},"description":"Datasource representing an API application belonging to a project, with all configuration possibilities.","description_kind":"plain"}},"zitadel_application_apis":{"version":0,"block":{"attributes":{"app_ids":{"type":["list","string"],"description":"A set of all IDs.","description_kind":"plain","computed":true},"id":{"type":"string","description_kind":"plain","optional":true,"computed":true},"name":{"type":"string","description":"Name of the application","description_kind":"plain","required":true},"name_method":{"type":"string","description":"Method for querying applications by name, supported values: TEXT_QUERY_METHOD_EQUALS, TEXT_QUERY_METHOD_EQUALS_IGNORE_CASE, TEXT_QUERY_METHOD_STARTS_WITH, TEXT_QUERY_METHOD_STARTS_WITH_IGNORE_CASE, TEXT_QUERY_METHOD_CONTAINS, TEXT_QUERY_METHOD_CONTAINS_IGNORE_CASE, TEXT_QUERY_METHOD_ENDS_WITH, TEXT_QUERY_METHOD_ENDS_WITH_IGNORE_CASE","description_kind":"plain","optional":true},"org_id":{"type":"string","description":"ID of the organization","description_kind":"plain","optional":true},"project_id":{"type":"string","description":"ID of the project","description_kind":"plain","required":true}},"description":"Datasource representing multiple API applications belonging to a project.","description_kind":"plain"}},"zitadel_application_oidc":{"version":0,"block":{"attributes":{"access_token_role_assertion":{"type":"bool","description":"Access token role assertion","description_kind":"plain","computed":true},"access_token_type":{"type":"string","description":"Access token type","description_kind":"plain","computed":true},"additional_origins":{"type":["list","string"],"description":"Additional origins","description_kind":"plain","computed":true},"app_id":{"type":"string","description":"The ID of this resource.","description_kind":"plain","required":true},"app_type":{"type":"string","description":"App type","description_kind":"plain","computed":true},"auth_method_type":{"type":"string","description":"Auth method type","description_kind":"plain","computed":true},"client_id":{"type":"string","description":"Client ID","description_kind":"plain","computed":true,"sensitive":true},"clock_skew":{"type":"string","description":"Clockskew","description_kind":"plain","computed":true},"dev_mode":{"type":"bool","description":"Dev mode","description_kind":"plain","computed":true},"grant_types":{"type":["list","string"],"description":"Grant types","description_kind":"plain","computed":true},"id":{"type":"string","description_kind":"plain","optional":true,"computed":true},"id_token_role_assertion":{"type":"bool","description":"ID token role assertion","description_kind":"plain","computed":true},"id_token_userinfo_assertion":{"type":"bool","description":"Token userinfo assertion","description_kind":"plain","computed":true},"name":{"type":"string","description":"Name of the application","description_kind":"plain","computed":true},"org_id":{"type":"string","description":"ID of the organization","description_kind":"plain","optional":true},"post_logout_redirect_uris":{"type":["list","string"],"description":"Post logout redirect URIs","description_kind":"plain","computed":true},"project_id":{"type":"string","description":"ID of the project","description_kind":"plain","required":true},"redirect_uris":{"type":["list","string"],"description":"RedirectURIs","description_kind":"plain","computed":true},"response_types":{"type":["list","string"],"description":"Response type","description_kind":"plain","computed":true},"version":{"type":"string","description":"Version","description_kind":"plain","computed":true}},"description":"Datasource representing an OIDC application belonging to a project, with all configuration possibilities.","description_kind":"plain"}},"zitadel_application_oidcs":{"version":0,"block":{"attributes":{"app_ids":{"type":["list","string"],"description":"A set of all IDs.","description_kind":"plain","computed":true},"id":{"type":"string","description_kind":"plain","optional":true,"computed":true},"name":{"type":"string","description":"Name of the application","description_kind":"plain","required":true},"name_method":{"type":"string","description":"Method for querying applications by name, supported values: TEXT_QUERY_METHOD_EQUALS, TEXT_QUERY_METHOD_EQUALS_IGNORE_CASE, TEXT_QUERY_METHOD_STARTS_WITH, TEXT_QUERY_METHOD_STARTS_WITH_IGNORE_CASE, TEXT_QUERY_METHOD_CONTAINS, TEXT_QUERY_METHOD_CONTAINS_IGNORE_CASE, TEXT_QUERY_METHOD_ENDS_WITH, TEXT_QUERY_METHOD_ENDS_WITH_IGNORE_CASE","description_kind":"plain","optional":true},"org_id":{"type":"string","description":"ID of the organization","description_kind":"plain","optional":true},"project_id":{"type":"string","description":"ID of the project","description_kind":"plain","required":true}},"description":"Datasource representing multiple OIDC applications belonging to a project.","description_kind":"plain"}},"zitadel_application_saml":{"version":0,"block":{"attributes":{"app_id":{"type":"string","description":"The ID of this resource.","description_kind":"plain","required":true},"id":{"type":"string","description_kind":"plain","optional":true,"computed":true},"metadata_xml":{"type":"string","description":"Metadata as XML file","description_kind":"plain","computed":true},"name":{"type":"string","description":"Name of the application","description_kind":"plain","computed":true},"org_id":{"type":"string","description":"ID of the organization","description_kind":"plain","optional":true},"project_id":{"type":"string","description":"ID of the project","description_kind":"plain","required":true}},"description":"Datasource representing a SAML application belonging to a project, with all configuration possibilities.","description_kind":"plain"}},"zitadel_application_samls":{"version":0,"block":{"attributes":{"app_ids":{"type":["list","string"],"description":"A set of all IDs.","description_kind":"plain","computed":true},"id":{"type":"string","description_kind":"plain","optional":true,"computed":true},"name":{"type":"string","description":"Name of the application","description_kind":"plain","required":true},"name_method":{"type":"string","description":"Method for querying applications by name, supported values: TEXT_QUERY_METHOD_EQUALS, TEXT_QUERY_METHOD_EQUALS_IGNORE_CASE, TEXT_QUERY_METHOD_STARTS_WITH, TEXT_QUERY_METHOD_STARTS_WITH_IGNORE_CASE, TEXT_QUERY_METHOD_CONTAINS, TEXT_QUERY_METHOD_CONTAINS_IGNORE_CASE, TEXT_QUERY_METHOD_ENDS_WITH, TEXT_QUERY_METHOD_ENDS_WITH_IGNORE_CASE","description_kind":"plain","optional":true},"org_id":{"type":"string","description":"ID of the organization","description_kind":"plain","optional":true},"project_id":{"type":"string","description":"ID of the project","description_kind":"plain","required":true}},"description":"Datasource representing multiple SAML applications belonging to a project.","description_kind":"plain"}},"zitadel_default_oidc_settings":{"version":0,"block":{"attributes":{"access_token_lifetime":{"type":"string","description":"lifetime duration of access tokens","description_kind":"plain","computed":true},"id":{"type":"string","description_kind":"plain","optional":true,"computed":true},"id_token_lifetime":{"type":"string","description":"lifetime duration of id tokens","description_kind":"plain","computed":true},"refresh_token_expiration":{"type":"string","description":"expiration duration of refresh tokens","description_kind":"plain","computed":true},"refresh_token_idle_expiration":{"type":"string","description":"expiration duration of idle refresh tokens","description_kind":"plain","computed":true}},"description":"Datasource representing the default oidc settings.","description_kind":"plain"}},"zitadel_human_user":{"version":0,"block":{"attributes":{"display_name":{"type":"string","description":"Display name of the user","description_kind":"plain","computed":true},"email":{"type":"string","description":"Email of the user","description_kind":"plain","computed":true},"first_name":{"type":"string","description":"First name of the user","description_kind":"plain","computed":true},"gender":{"type":"string","description":"Gender of the user","description_kind":"plain","computed":true},"id":{"type":"string","description_kind":"plain","optional":true,"computed":true},"is_email_verified":{"type":"bool","description":"Is the email verified of the user, can only be true if password of the user is set","description_kind":"plain","computed":true},"is_phone_verified":{"type":"bool","description":"Is the phone verified of the user","description_kind":"plain","computed":true},"last_name":{"type":"string","description":"Last name of the user","description_kind":"plain","computed":true},"login_names":{"type":["list","string"],"description":"Loginnames","description_kind":"plain","computed":true},"nick_name":{"type":"string","description":"Nick name of the user","description_kind":"plain","computed":true},"org_id":{"type":"string","description":"ID of the organization","description_kind":"plain","required":true},"phone":{"type":"string","description":"Phone of the user","description_kind":"plain","computed":true},"preferred_language":{"type":"string","description":"Preferred language of the user","description_kind":"plain","computed":true},"preferred_login_name":{"type":"string","description":"Preferred login name","description_kind":"plain","computed":true},"state":{"type":"string","description":"State of the user","description_kind":"plain","computed":true},"user_id":{"type":"string","description":"The ID of this resource.","description_kind":"plain","required":true},"user_name":{"type":"string","description":"Username","description_kind":"plain","computed":true}},"description":"Datasource representing a human user situated under an organization, which then can be authorized through memberships or direct grants on other resources.","description_kind":"plain"}},"zitadel_idp_azure_ad":{"version":0,"block":{"attributes":{"client_id":{"type":"string","description":"client id generated by the identity provider","description_kind":"plain","computed":true},"client_secret":{"type":"string","description":"client secret generated by the identity provider","description_kind":"plain","computed":true,"sensitive":true},"email_verified":{"type":"bool","description":"automatically mark emails as verified","description_kind":"plain","computed":true},"id":{"type":"string","description":"The ID of this resource.","description_kind":"plain","required":true},"is_auto_creation":{"type":"bool","description":"enabled if a new account in ZITADEL are created automatically on login with an external account","description_kind":"plain","computed":true},"is_auto_update":{"type":"bool","description":"enabled if a the ZITADEL account fields are updated automatically on each login","description_kind":"plain","computed":true},"is_creation_allowed":{"type":"bool","description":"enabled if users are able to create a new account in ZITADEL when using an external account","description_kind":"plain","computed":true},"is_linking_allowed":{"type":"bool","description":"enabled if users are able to link an existing ZITADEL user with an external account","description_kind":"plain","computed":true},"name":{"type":"string","description":"Name of the IDP","description_kind":"plain","computed":true},"scopes":{"type":["set","string"],"description":"the scopes requested by ZITADEL during the request on the identity provider","description_kind":"plain","computed":true},"tenant_id":{"type":"string","description":"the azure ad tenant id","description_kind":"plain","computed":true},"tenant_type":{"type":"string","description":"the azure ad tenant type","description_kind":"plain","computed":true}},"description":"Datasource representing an Azure AD IDP on the instance.","description_kind":"plain"}},"zitadel_idp_github":{"version":0,"block":{"attributes":{"client_id":{"type":"string","description":"client id generated by the identity provider","description_kind":"plain","computed":true},"client_secret":{"type":"string","description":"client secret generated by the identity provider","description_kind":"plain","computed":true,"sensitive":true},"id":{"type":"string","description":"The ID of this resource.","description_kind":"plain","required":true},"is_auto_creation":{"type":"bool","description":"enabled if a new account in ZITADEL are created automatically on login with an external account","description_kind":"plain","computed":true},"is_auto_update":{"type":"bool","description":"enabled if a the ZITADEL account fields are updated automatically on each login","description_kind":"plain","computed":true},"is_creation_allowed":{"type":"bool","description":"enabled if users are able to create a new account in ZITADEL when using an external account","description_kind":"plain","computed":true},"is_linking_allowed":{"type":"bool","description":"enabled if users are able to link an existing ZITADEL user with an external account","description_kind":"plain","computed":true},"name":{"type":"string","description":"Name of the IDP","description_kind":"plain","computed":true},"scopes":{"type":["set","string"],"description":"the scopes requested by ZITADEL during the request on the identity provider","description_kind":"plain","computed":true}},"description":"Datasource representing a GitHub IDP on the instance.","description_kind":"plain"}},"zitadel_idp_github_es":{"version":0,"block":{"attributes":{"authorization_endpoint":{"type":"string","description":"the providers authorization endpoint","description_kind":"plain","computed":true},"client_id":{"type":"string","description":"client id generated by the identity provider","description_kind":"plain","computed":true},"client_secret":{"type":"string","description":"client secret generated by the identity provider","description_kind":"plain","computed":true,"sensitive":true},"id":{"type":"string","description":"The ID of this resource.","description_kind":"plain","required":true},"is_auto_creation":{"type":"bool","description":"enabled if a new account in ZITADEL are created automatically on login with an external account","description_kind":"plain","computed":true},"is_auto_update":{"type":"bool","description":"enabled if a the ZITADEL account fields are updated automatically on each login","description_kind":"plain","computed":true},"is_creation_allowed":{"type":"bool","description":"enabled if users are able to create a new account in ZITADEL when using an external account","description_kind":"plain","computed":true},"is_linking_allowed":{"type":"bool","description":"enabled if users are able to link an existing ZITADEL user with an external account","description_kind":"plain","computed":true},"name":{"type":"string","description":"Name of the IDP","description_kind":"plain","computed":true},"scopes":{"type":["set","string"],"description":"the scopes requested by ZITADEL during the request on the identity provider","description_kind":"plain","computed":true},"token_endpoint":{"type":"string","description":"the providers token endpoint","description_kind":"plain","computed":true},"user_endpoint":{"type":"string","description":"the providers user endpoint","description_kind":"plain","computed":true}},"description":"Datasource representing a GitHub Enterprise IDP on the instance.","description_kind":"plain"}},"zitadel_idp_gitlab":{"version":0,"block":{"attributes":{"client_id":{"type":"string","description":"client id generated by the identity provider","description_kind":"plain","computed":true},"client_secret":{"type":"string","description":"client secret generated by the identity provider","description_kind":"plain","computed":true,"sensitive":true},"id":{"type":"string","description":"The ID of this resource.","description_kind":"plain","required":true},"is_auto_creation":{"type":"bool","description":"enabled if a new account in ZITADEL are created automatically on login with an external account","description_kind":"plain","computed":true},"is_auto_update":{"type":"bool","description":"enabled if a the ZITADEL account fields are updated automatically on each login","description_kind":"plain","computed":true},"is_creation_allowed":{"type":"bool","description":"enabled if users are able to create a new account in ZITADEL when using an external account","description_kind":"plain","computed":true},"is_linking_allowed":{"type":"bool","description":"enabled if users are able to link an existing ZITADEL user with an external account","description_kind":"plain","computed":true},"name":{"type":"string","description":"Name of the IDP","description_kind":"plain","computed":true},"scopes":{"type":["set","string"],"description":"the scopes requested by ZITADEL during the request on the identity provider","description_kind":"plain","computed":true}},"description":"Datasource representing a GitLab IDP on the instance.","description_kind":"plain"}},"zitadel_idp_gitlab_self_hosted":{"version":0,"block":{"attributes":{"client_id":{"type":"string","description":"client id generated by the identity provider","description_kind":"plain","computed":true},"client_secret":{"type":"string","description":"client secret generated by the identity provider","description_kind":"plain","computed":true,"sensitive":true},"id":{"type":"string","description":"The ID of this resource.","description_kind":"plain","required":true},"is_auto_creation":{"type":"bool","description":"enabled if a new account in ZITADEL are created automatically on login with an external account","description_kind":"plain","computed":true},"is_auto_update":{"type":"bool","description":"enabled if a the ZITADEL account fields are updated automatically on each login","description_kind":"plain","computed":true},"is_creation_allowed":{"type":"bool","description":"enabled if users are able to create a new account in ZITADEL when using an external account","description_kind":"plain","computed":true},"is_linking_allowed":{"type":"bool","description":"enabled if users are able to link an existing ZITADEL user with an external account","description_kind":"plain","computed":true},"issuer":{"type":"string","description":"the providers issuer","description_kind":"plain","computed":true},"name":{"type":"string","description":"Name of the IDP","description_kind":"plain","computed":true},"scopes":{"type":["set","string"],"description":"the scopes requested by ZITADEL during the request on the identity provider","description_kind":"plain","computed":true}},"description":"Datasource representing a GitLab Self Hosted IDP on the instance.","description_kind":"plain"}},"zitadel_idp_google":{"version":0,"block":{"attributes":{"client_id":{"type":"string","description":"client id generated by the identity provider","description_kind":"plain","computed":true},"client_secret":{"type":"string","description":"client secret generated by the identity provider","description_kind":"plain","computed":true,"sensitive":true},"id":{"type":"string","description":"The ID of this resource.","description_kind":"plain","required":true},"is_auto_creation":{"type":"bool","description":"enabled if a new account in ZITADEL are created automatically on login with an external account","description_kind":"plain","computed":true},"is_auto_update":{"type":"bool","description":"enabled if a the ZITADEL account fields are updated automatically on each login","description_kind":"plain","computed":true},"is_creation_allowed":{"type":"bool","description":"enabled if users are able to create a new account in ZITADEL when using an external account","description_kind":"plain","computed":true},"is_linking_allowed":{"type":"bool","description":"enabled if users are able to link an existing ZITADEL user with an external account","description_kind":"plain","computed":true},"name":{"type":"string","description":"Name of the IDP","description_kind":"plain","computed":true},"scopes":{"type":["set","string"],"description":"the scopes requested by ZITADEL during the request on the identity provider","description_kind":"plain","computed":true}},"description":"Datasource representing a Google IDP on the instance.","description_kind":"plain"}},"zitadel_idp_ldap":{"version":0,"block":{"attributes":{"avatar_url_attribute":{"type":"string","description":"User attribute for the avatar url","description_kind":"plain","computed":true},"base_dn":{"type":"string","description":"Base DN for LDAP connections","description_kind":"plain","computed":true},"bind_dn":{"type":"string","description":"Bind DN for LDAP connections","description_kind":"plain","computed":true},"bind_password":{"type":"string","description":"Bind password for LDAP connections","description_kind":"plain","computed":true,"sensitive":true},"display_name_attribute":{"type":"string","description":"User attribute for the display name","description_kind":"plain","computed":true},"email_attribute":{"type":"string","description":"User attribute for the email","description_kind":"plain","computed":true},"email_verified_attribute":{"type":"string","description":"User attribute for the email verified state","description_kind":"plain","computed":true},"first_name_attribute":{"type":"string","description":"User attribute for the first name","description_kind":"plain","computed":true},"id":{"type":"string","description":"The ID of this resource.","description_kind":"plain","required":true},"id_attribute":{"type":"string","description":"User attribute for the id","description_kind":"plain","computed":true},"is_auto_creation":{"type":"bool","description":"enabled if a new account in ZITADEL are created automatically on login with an external account","description_kind":"plain","computed":true},"is_auto_update":{"type":"bool","description":"enabled if a the ZITADEL account fields are updated automatically on each login","description_kind":"plain","computed":true},"is_creation_allowed":{"type":"bool","description":"enabled if users are able to create a new account in ZITADEL when using an external account","description_kind":"plain","computed":true},"is_linking_allowed":{"type":"bool","description":"enabled if users are able to link an existing ZITADEL user with an external account","description_kind":"plain","computed":true},"last_name_attribute":{"type":"string","description":"User attribute for the last name","description_kind":"plain","computed":true},"name":{"type":"string","description":"Name of the IDP","description_kind":"plain","computed":true},"nick_name_attribute":{"type":"string","description":"User attribute for the nick name","description_kind":"plain","computed":true},"phone_attribute":{"type":"string","description":"User attribute for the phone","description_kind":"plain","computed":true},"phone_verified_attribute":{"type":"string","description":"User attribute for the phone verified state","description_kind":"plain","computed":true},"preferred_language_attribute":{"type":"string","description":"User attribute for the preferred language","description_kind":"plain","computed":true},"preferred_username_attribute":{"type":"string","description":"User attribute for the preferred username","description_kind":"plain","computed":true},"profile_attribute":{"type":"string","description":"User attribute for the profile","description_kind":"plain","computed":true},"servers":{"type":["list","string"],"description":"Servers to try in order for establishing LDAP connections","description_kind":"plain","computed":true},"start_tls":{"type":"bool","description":"Wether to use StartTLS for LDAP connections","description_kind":"plain","computed":true},"timeout":{"type":"string","description":"Timeout for LDAP connections","description_kind":"plain","computed":true},"user_base":{"type":"string","description":"User base for LDAP connections","description_kind":"plain","computed":true},"user_filters":{"type":["set","string"],"description":"User filters for LDAP connections","description_kind":"plain","computed":true},"user_object_classes":{"type":["set","string"],"description":"User object classes for LDAP connections","description_kind":"plain","computed":true}},"description":"Datasource representing an LDAP IDP on the instance.","description_kind":"plain"}},"zitadel_idp_oauth":{"version":0,"block":{"attributes":{"authorization_endpoint":{"type":"string","description":"The authorization endpoint","description_kind":"plain","computed":true},"client_id":{"type":"string","description":"client id generated by the identity provider","description_kind":"plain","computed":true},"client_secret":{"type":"string","description":"client secret generated by the identity provider","description_kind":"plain","computed":true,"sensitive":true},"id":{"type":"string","description":"The ID of this resource.","description_kind":"plain","required":true},"id_attribute":{"type":"string","description":"The id attribute","description_kind":"plain","computed":true},"is_auto_creation":{"type":"bool","description":"enabled if a new account in ZITADEL are created automatically on login with an external account","description_kind":"plain","computed":true},"is_auto_update":{"type":"bool","description":"enabled if a the ZITADEL account fields are updated automatically on each login","description_kind":"plain","computed":true},"is_creation_allowed":{"type":"bool","description":"enabled if users are able to create a new account in ZITADEL when using an external account","description_kind":"plain","computed":true},"is_linking_allowed":{"type":"bool","description":"enabled if users are able to link an existing ZITADEL user with an external account","description_kind":"plain","computed":true},"name":{"type":"string","description":"Name of the IDP","description_kind":"plain","computed":true},"scopes":{"type":["set","string"],"description":"the scopes requested by ZITADEL during the request on the identity provider","description_kind":"plain","computed":true},"token_endpoint":{"type":"string","description":"The token endpoint","description_kind":"plain","computed":true},"user_endpoint":{"type":"string","description":"The user endpoint","description_kind":"plain","computed":true}},"description":"Datasource representing a generic OAuth2 IDP on the instance.","description_kind":"plain"}},"zitadel_idp_saml":{"version":0,"block":{"attributes":{"binding":{"type":"string","description":"The binding","description_kind":"plain","computed":true},"id":{"type":"string","description":"The ID of this resource.","description_kind":"plain","required":true},"is_auto_creation":{"type":"bool","description":"enabled if a new account in ZITADEL are created automatically on login with an external account","description_kind":"plain","computed":true},"is_auto_update":{"type":"bool","description":"enabled if a the ZITADEL account fields are updated automatically on each login","description_kind":"plain","computed":true},"is_creation_allowed":{"type":"bool","description":"enabled if users are able to create a new account in ZITADEL when using an external account","description_kind":"plain","computed":true},"is_linking_allowed":{"type":"bool","description":"enabled if users are able to link an existing ZITADEL user with an external account","description_kind":"plain","computed":true},"metadata_xml":{"type":"string","description":"The metadata XML as plain string","description_kind":"plain","computed":true},"name":{"type":"string","description":"Name of the IDP","description_kind":"plain","computed":true},"with_signed_request":{"type":"string","description":"Whether the SAML IDP requires signed requests","description_kind":"plain","computed":true}},"description":"Datasource representing a SAML IDP on the instance.","description_kind":"plain"}},"zitadel_machine_user":{"version":0,"block":{"attributes":{"access_token_type":{"type":"string","description":"Access token type","description_kind":"plain","computed":true},"description":{"type":"string","description":"Description of the user","description_kind":"plain","computed":true},"id":{"type":"string","description_kind":"plain","optional":true,"computed":true},"login_names":{"type":["list","string"],"description":"Loginnames","description_kind":"plain","computed":true},"name":{"type":"string","description":"Name of the machine user","description_kind":"plain","computed":true},"org_id":{"type":"string","description":"ID of the organization","description_kind":"plain","optional":true},"preferred_login_name":{"type":"string","description":"Preferred login name","description_kind":"plain","computed":true},"state":{"type":"string","description":"State of the user","description_kind":"plain","computed":true},"user_id":{"type":"string","description":"The ID of this resource.","description_kind":"plain","required":true},"user_name":{"type":"string","description":"Username","description_kind":"plain","computed":true}},"description":"Datasource representing a serviceaccount situated under an organization, which then can be authorized through memberships or direct grants on other resources.","description_kind":"plain"}},"zitadel_machine_users":{"version":0,"block":{"attributes":{"id":{"type":"string","description_kind":"plain","optional":true,"computed":true},"org_id":{"type":"string","description":"ID of the organization","description_kind":"plain","optional":true},"user_ids":{"type":["list","string"],"description":"A set of all IDs.","description_kind":"plain","computed":true},"user_name":{"type":"string","description":"Username","description_kind":"plain","required":true},"user_name_method":{"type":"string","description":"Method for querying machine users by username, supported values: TEXT_QUERY_METHOD_EQUALS, TEXT_QUERY_METHOD_EQUALS_IGNORE_CASE, TEXT_QUERY_METHOD_STARTS_WITH, TEXT_QUERY_METHOD_STARTS_WITH_IGNORE_CASE, TEXT_QUERY_METHOD_CONTAINS, TEXT_QUERY_METHOD_CONTAINS_IGNORE_CASE, TEXT_QUERY_METHOD_ENDS_WITH, TEXT_QUERY_METHOD_ENDS_WITH_IGNORE_CASE","description_kind":"plain","optional":true}},"description":"Datasource representing a serviceaccount situated under an organization, which then can be authorized through memberships or direct grants on other resources.","description_kind":"plain"}},"zitadel_org":{"version":0,"block":{"attributes":{"id":{"type":"string","description":"ID of the organization","description_kind":"plain","required":true},"is_default":{"type":"bool","description":"Indicates whether the org is the default org of the instance.","description_kind":"plain","computed":true},"name":{"type":"string","description":"Name of the org.","description_kind":"plain","computed":true},"primary_domain":{"type":"string","description":"Primary domain of the org","description_kind":"plain","computed":true},"state":{"type":"string","description":"State of the org, supported values: ORG_STATE_UNSPECIFIED, ORG_STATE_ACTIVE, ORG_STATE_INACTIVE, ORG_STATE_REMOVED","description_kind":"plain","computed":true}},"description":"Datasource representing an organization in ZITADEL, which is the highest level after the instance and contains several other resource including policies if the configuration differs to the default policies on the instance.","description_kind":"plain"}},"zitadel_org_idp_azure_ad":{"version":0,"block":{"attributes":{"client_id":{"type":"string","description":"client id generated by the identity provider","description_kind":"plain","computed":true},"client_secret":{"type":"string","description":"client secret generated by the identity provider","description_kind":"plain","computed":true,"sensitive":true},"email_verified":{"type":"bool","description":"automatically mark emails as verified","description_kind":"plain","computed":true},"id":{"type":"string","description":"The ID of this resource.","description_kind":"plain","required":true},"is_auto_creation":{"type":"bool","description":"enabled if a new account in ZITADEL are created automatically on login with an external account","description_kind":"plain","computed":true},"is_auto_update":{"type":"bool","description":"enabled if a the ZITADEL account fields are updated automatically on each login","description_kind":"plain","computed":true},"is_creation_allowed":{"type":"bool","description":"enabled if users are able to create a new account in ZITADEL when using an external account","description_kind":"plain","computed":true},"is_linking_allowed":{"type":"bool","description":"enabled if users are able to link an existing ZITADEL user with an external account","description_kind":"plain","computed":true},"name":{"type":"string","description":"Name of the IDP","description_kind":"plain","computed":true},"org_id":{"type":"string","description":"ID of the organization","description_kind":"plain","optional":true},"scopes":{"type":["set","string"],"description":"the scopes requested by ZITADEL during the request on the identity provider","description_kind":"plain","computed":true},"tenant_id":{"type":"string","description":"the azure ad tenant id","description_kind":"plain","computed":true},"tenant_type":{"type":"string","description":"the azure ad tenant type","description_kind":"plain","computed":true}},"description":"Datasource representing an Azure AD IdP of the organization.","description_kind":"plain"}},"zitadel_org_idp_github":{"version":0,"block":{"attributes":{"client_id":{"type":"string","description":"client id generated by the identity provider","description_kind":"plain","computed":true},"client_secret":{"type":"string","description":"client secret generated by the identity provider","description_kind":"plain","computed":true,"sensitive":true},"id":{"type":"string","description":"The ID of this resource.","description_kind":"plain","required":true},"is_auto_creation":{"type":"bool","description":"enabled if a new account in ZITADEL are created automatically on login with an external account","description_kind":"plain","computed":true},"is_auto_update":{"type":"bool","description":"enabled if a the ZITADEL account fields are updated automatically on each login","description_kind":"plain","computed":true},"is_creation_allowed":{"type":"bool","description":"enabled if users are able to create a new account in ZITADEL when using an external account","description_kind":"plain","computed":true},"is_linking_allowed":{"type":"bool","description":"enabled if users are able to link an existing ZITADEL user with an external account","description_kind":"plain","computed":true},"name":{"type":"string","description":"Name of the IDP","description_kind":"plain","computed":true},"org_id":{"type":"string","description":"ID of the organization","description_kind":"plain","optional":true},"scopes":{"type":["set","string"],"description":"the scopes requested by ZITADEL during the request on the identity provider","description_kind":"plain","computed":true}},"description":"Datasource representing a GitHub IdP of the organization.","description_kind":"plain"}},"zitadel_org_idp_github_es":{"version":0,"block":{"attributes":{"authorization_endpoint":{"type":"string","description":"the providers authorization endpoint","description_kind":"plain","computed":true},"client_id":{"type":"string","description":"client id generated by the identity provider","description_kind":"plain","computed":true},"client_secret":{"type":"string","description":"client secret generated by the identity provider","description_kind":"plain","computed":true,"sensitive":true},"id":{"type":"string","description":"The ID of this resource.","description_kind":"plain","required":true},"is_auto_creation":{"type":"bool","description":"enabled if a new account in ZITADEL are created automatically on login with an external account","description_kind":"plain","computed":true},"is_auto_update":{"type":"bool","description":"enabled if a the ZITADEL account fields are updated automatically on each login","description_kind":"plain","computed":true},"is_creation_allowed":{"type":"bool","description":"enabled if users are able to create a new account in ZITADEL when using an external account","description_kind":"plain","computed":true},"is_linking_allowed":{"type":"bool","description":"enabled if users are able to link an existing ZITADEL user with an external account","description_kind":"plain","computed":true},"name":{"type":"string","description":"Name of the IDP","description_kind":"plain","computed":true},"org_id":{"type":"string","description":"ID of the organization","description_kind":"plain","optional":true},"scopes":{"type":["set","string"],"description":"the scopes requested by ZITADEL during the request on the identity provider","description_kind":"plain","computed":true},"token_endpoint":{"type":"string","description":"the providers token endpoint","description_kind":"plain","computed":true},"user_endpoint":{"type":"string","description":"the providers user endpoint","description_kind":"plain","computed":true}},"description":"Datasource representing a GitHub Enterprise IdP of the organization.","description_kind":"plain"}},"zitadel_org_idp_gitlab":{"version":0,"block":{"attributes":{"client_id":{"type":"string","description":"client id generated by the identity provider","description_kind":"plain","computed":true},"client_secret":{"type":"string","description":"client secret generated by the identity provider","description_kind":"plain","computed":true,"sensitive":true},"id":{"type":"string","description":"The ID of this resource.","description_kind":"plain","required":true},"is_auto_creation":{"type":"bool","description":"enabled if a new account in ZITADEL are created automatically on login with an external account","description_kind":"plain","computed":true},"is_auto_update":{"type":"bool","description":"enabled if a the ZITADEL account fields are updated automatically on each login","description_kind":"plain","computed":true},"is_creation_allowed":{"type":"bool","description":"enabled if users are able to create a new account in ZITADEL when using an external account","description_kind":"plain","computed":true},"is_linking_allowed":{"type":"bool","description":"enabled if users are able to link an existing ZITADEL user with an external account","description_kind":"plain","computed":true},"name":{"type":"string","description":"Name of the IDP","description_kind":"plain","computed":true},"org_id":{"type":"string","description":"ID of the organization","description_kind":"plain","optional":true},"scopes":{"type":["set","string"],"description":"the scopes requested by ZITADEL during the request on the identity provider","description_kind":"plain","computed":true}},"description":"Datasource representing a GitLab IdP of the organization.","description_kind":"plain"}},"zitadel_org_idp_gitlab_self_hosted":{"version":0,"block":{"attributes":{"client_id":{"type":"string","description":"client id generated by the identity provider","description_kind":"plain","computed":true},"client_secret":{"type":"string","description":"client secret generated by the identity provider","description_kind":"plain","computed":true,"sensitive":true},"id":{"type":"string","description":"The ID of this resource.","description_kind":"plain","required":true},"is_auto_creation":{"type":"bool","description":"enabled if a new account in ZITADEL are created automatically on login with an external account","description_kind":"plain","computed":true},"is_auto_update":{"type":"bool","description":"enabled if a the ZITADEL account fields are updated automatically on each login","description_kind":"plain","computed":true},"is_creation_allowed":{"type":"bool","description":"enabled if users are able to create a new account in ZITADEL when using an external account","description_kind":"plain","computed":true},"is_linking_allowed":{"type":"bool","description":"enabled if users are able to link an existing ZITADEL user with an external account","description_kind":"plain","computed":true},"issuer":{"type":"string","description":"the providers issuer","description_kind":"plain","computed":true},"name":{"type":"string","description":"Name of the IDP","description_kind":"plain","computed":true},"org_id":{"type":"string","description":"ID of the organization","description_kind":"plain","optional":true},"scopes":{"type":["set","string"],"description":"the scopes requested by ZITADEL during the request on the identity provider","description_kind":"plain","computed":true}},"description":"Datasource representing a GitLab Self Hosted IdP of the organization.","description_kind":"plain"}},"zitadel_org_idp_google":{"version":0,"block":{"attributes":{"client_id":{"type":"string","description":"client id generated by the identity provider","description_kind":"plain","computed":true},"client_secret":{"type":"string","description":"client secret generated by the identity provider","description_kind":"plain","computed":true,"sensitive":true},"id":{"type":"string","description":"The ID of this resource.","description_kind":"plain","required":true},"is_auto_creation":{"type":"bool","description":"enabled if a new account in ZITADEL are created automatically on login with an external account","description_kind":"plain","computed":true},"is_auto_update":{"type":"bool","description":"enabled if a the ZITADEL account fields are updated automatically on each login","description_kind":"plain","computed":true},"is_creation_allowed":{"type":"bool","description":"enabled if users are able to create a new account in ZITADEL when using an external account","description_kind":"plain","computed":true},"is_linking_allowed":{"type":"bool","description":"enabled if users are able to link an existing ZITADEL user with an external account","description_kind":"plain","computed":true},"name":{"type":"string","description":"Name of the IDP","description_kind":"plain","computed":true},"org_id":{"type":"string","description":"ID of the organization","description_kind":"plain","optional":true},"scopes":{"type":["set","string"],"description":"the scopes requested by ZITADEL during the request on the identity provider","description_kind":"plain","computed":true}},"description":"Datasource representing a Google IdP of the organization.","description_kind":"plain"}},"zitadel_org_idp_ldap":{"version":0,"block":{"attributes":{"avatar_url_attribute":{"type":"string","description":"User attribute for the avatar url","description_kind":"plain","computed":true},"base_dn":{"type":"string","description":"Base DN for LDAP connections","description_kind":"plain","computed":true},"bind_dn":{"type":"string","description":"Bind DN for LDAP connections","description_kind":"plain","computed":true},"bind_password":{"type":"string","description":"Bind password for LDAP connections","description_kind":"plain","computed":true,"sensitive":true},"display_name_attribute":{"type":"string","description":"User attribute for the display name","description_kind":"plain","computed":true},"email_attribute":{"type":"string","description":"User attribute for the email","description_kind":"plain","computed":true},"email_verified_attribute":{"type":"string","description":"User attribute for the email verified state","description_kind":"plain","computed":true},"first_name_attribute":{"type":"string","description":"User attribute for the first name","description_kind":"plain","computed":true},"id":{"type":"string","description":"The ID of this resource.","description_kind":"plain","required":true},"id_attribute":{"type":"string","description":"User attribute for the id","description_kind":"plain","computed":true},"is_auto_creation":{"type":"bool","description":"enabled if a new account in ZITADEL are created automatically on login with an external account","description_kind":"plain","computed":true},"is_auto_update":{"type":"bool","description":"enabled if a the ZITADEL account fields are updated automatically on each login","description_kind":"plain","computed":true},"is_creation_allowed":{"type":"bool","description":"enabled if users are able to create a new account in ZITADEL when using an external account","description_kind":"plain","computed":true},"is_linking_allowed":{"type":"bool","description":"enabled if users are able to link an existing ZITADEL user with an external account","description_kind":"plain","computed":true},"last_name_attribute":{"type":"string","description":"User attribute for the last name","description_kind":"plain","computed":true},"name":{"type":"string","description":"Name of the IDP","description_kind":"plain","computed":true},"nick_name_attribute":{"type":"string","description":"User attribute for the nick name","description_kind":"plain","computed":true},"org_id":{"type":"string","description":"ID of the organization","description_kind":"plain","optional":true},"phone_attribute":{"type":"string","description":"User attribute for the phone","description_kind":"plain","computed":true},"phone_verified_attribute":{"type":"string","description":"User attribute for the phone verified state","description_kind":"plain","computed":true},"preferred_language_attribute":{"type":"string","description":"User attribute for the preferred language","description_kind":"plain","computed":true},"preferred_username_attribute":{"type":"string","description":"User attribute for the preferred username","description_kind":"plain","computed":true},"profile_attribute":{"type":"string","description":"User attribute for the profile","description_kind":"plain","computed":true},"servers":{"type":["list","string"],"description":"Servers to try in order for establishing LDAP connections","description_kind":"plain","computed":true},"start_tls":{"type":"bool","description":"Wether to use StartTLS for LDAP connections","description_kind":"plain","computed":true},"timeout":{"type":"string","description":"Timeout for LDAP connections","description_kind":"plain","computed":true},"user_base":{"type":"string","description":"User base for LDAP connections","description_kind":"plain","computed":true},"user_filters":{"type":["set","string"],"description":"User filters for LDAP connections","description_kind":"plain","computed":true},"user_object_classes":{"type":["set","string"],"description":"User object classes for LDAP connections","description_kind":"plain","computed":true}},"description":"Datasource representing an LDAP IdP on the organization.","description_kind":"plain"}},"zitadel_org_idp_oauth":{"version":0,"block":{"attributes":{"authorization_endpoint":{"type":"string","description":"The authorization endpoint","description_kind":"plain","computed":true},"client_id":{"type":"string","description":"client id generated by the identity provider","description_kind":"plain","computed":true},"client_secret":{"type":"string","description":"client secret generated by the identity provider","description_kind":"plain","computed":true,"sensitive":true},"id":{"type":"string","description":"The ID of this resource.","description_kind":"plain","required":true},"id_attribute":{"type":"string","description":"The id attribute","description_kind":"plain","computed":true},"is_auto_creation":{"type":"bool","description":"enabled if a new account in ZITADEL are created automatically on login with an external account","description_kind":"plain","computed":true},"is_auto_update":{"type":"bool","description":"enabled if a the ZITADEL account fields are updated automatically on each login","description_kind":"plain","computed":true},"is_creation_allowed":{"type":"bool","description":"enabled if users are able to create a new account in ZITADEL when using an external account","description_kind":"plain","computed":true},"is_linking_allowed":{"type":"bool","description":"enabled if users are able to link an existing ZITADEL user with an external account","description_kind":"plain","computed":true},"name":{"type":"string","description":"Name of the IDP","description_kind":"plain","computed":true},"org_id":{"type":"string","description":"ID of the organization","description_kind":"plain","optional":true},"scopes":{"type":["set","string"],"description":"the scopes requested by ZITADEL during the request on the identity provider","description_kind":"plain","computed":true},"token_endpoint":{"type":"string","description":"The token endpoint","description_kind":"plain","computed":true},"user_endpoint":{"type":"string","description":"The user endpoint","description_kind":"plain","computed":true}},"description":"Datasource representing a generic OAuth2 IDP of the organization.","description_kind":"plain"}},"zitadel_org_idp_saml":{"version":0,"block":{"attributes":{"binding":{"type":"string","description":"The binding","description_kind":"plain","computed":true},"id":{"type":"string","description":"The ID of this resource.","description_kind":"plain","required":true},"is_auto_creation":{"type":"bool","description":"enabled if a new account in ZITADEL are created automatically on login with an external account","description_kind":"plain","computed":true},"is_auto_update":{"type":"bool","description":"enabled if a the ZITADEL account fields are updated automatically on each login","description_kind":"plain","computed":true},"is_creation_allowed":{"type":"bool","description":"enabled if users are able to create a new account in ZITADEL when using an external account","description_kind":"plain","computed":true},"is_linking_allowed":{"type":"bool","description":"enabled if users are able to link an existing ZITADEL user with an external account","description_kind":"plain","computed":true},"metadata_xml":{"type":"string","description":"The metadata XML as plain string","description_kind":"plain","computed":true},"name":{"type":"string","description":"Name of the IDP","description_kind":"plain","computed":true},"org_id":{"type":"string","description":"ID of the organization","description_kind":"plain","optional":true},"with_signed_request":{"type":"string","description":"Whether the SAML IDP requires signed requests","description_kind":"plain","computed":true}},"description":"Datasource representing a SAML IdP of the organization.","description_kind":"plain"}},"zitadel_org_jwt_idp":{"version":0,"block":{"attributes":{"auto_register":{"type":"bool","description":"auto register for users from this idp","description_kind":"plain","computed":true},"header_name":{"type":"string","description":"the name of the header where the JWT is sent in, default is authorization","description_kind":"plain","computed":true},"id":{"type":"string","description_kind":"plain","optional":true,"computed":true},"idp_id":{"type":"string","description":"The ID of this resource.","description_kind":"plain","required":true},"issuer":{"type":"string","description":"the issuer of the jwt (for validation)","description_kind":"plain","computed":true},"jwt_endpoint":{"type":"string","description":"the endpoint where the jwt can be extracted","description_kind":"plain","computed":true},"keys_endpoint":{"type":"string","description":"the endpoint to the key (JWK) which are used to sign the JWT with","description_kind":"plain","computed":true},"name":{"type":"string","description":"Name of the IDP","description_kind":"plain","computed":true},"org_id":{"type":"string","description":"ID of the organization","description_kind":"plain","required":true},"styling_type":{"type":"string","description":"Some identity providers specify the styling of the button to their login","description_kind":"plain","computed":true}},"description":"Datasource representing a generic JWT IdP on the organization.","description_kind":"plain"}},"zitadel_org_oidc_idp":{"version":0,"block":{"attributes":{"client_id":{"type":"string","description":"client id generated by the identity provider","description_kind":"plain","computed":true},"client_secret":{"type":"string","description":"client secret generated by the identity provider","description_kind":"plain","computed":true,"sensitive":true},"id":{"type":"string","description":"The ID of this resource.","description_kind":"plain","required":true},"is_auto_creation":{"type":"bool","description":"enabled if a new account in ZITADEL are created automatically on login with an external account","description_kind":"plain","computed":true},"is_auto_update":{"type":"bool","description":"enabled if a the ZITADEL account fields are updated automatically on each login","description_kind":"plain","computed":true},"is_creation_allowed":{"type":"bool","description":"enabled if users are able to create a new account in ZITADEL when using an external account","description_kind":"plain","computed":true},"is_id_token_mapping":{"type":"bool","description":"if true, provider information get mapped from the id token, not from the userinfo endpoint.","description_kind":"plain","computed":true},"is_linking_allowed":{"type":"bool","description":"enabled if users are able to link an existing ZITADEL user with an external account","description_kind":"plain","computed":true},"issuer":{"type":"string","description":"the issuer of the idp","description_kind":"plain","computed":true},"name":{"type":"string","description":"Name of the IDP","description_kind":"plain","computed":true},"org_id":{"type":"string","description":"ID of the organization","description_kind":"plain","optional":true},"scopes":{"type":["set","string"],"description":"the scopes requested by ZITADEL during the request on the identity provider","description_kind":"plain","computed":true}},"description":"Datasource representing a generic OIDC IdP on the organization.","description_kind":"plain"}},"zitadel_orgs":{"version":0,"block":{"attributes":{"domain":{"type":"string","description":"A domain of the org.","description_kind":"plain","optional":true},"domain_method":{"type":"string","description":"Method for querying orgs by domain, supported values: TEXT_QUERY_METHOD_EQUALS, TEXT_QUERY_METHOD_EQUALS_IGNORE_CASE, TEXT_QUERY_METHOD_STARTS_WITH, TEXT_QUERY_METHOD_STARTS_WITH_IGNORE_CASE, TEXT_QUERY_METHOD_CONTAINS, TEXT_QUERY_METHOD_CONTAINS_IGNORE_CASE, TEXT_QUERY_METHOD_ENDS_WITH, TEXT_QUERY_METHOD_ENDS_WITH_IGNORE_CASE","description_kind":"plain","optional":true},"id":{"type":"string","description_kind":"plain","optional":true,"computed":true},"ids":{"type":["list","string"],"description":"A set of all organization IDs.","description_kind":"plain","computed":true},"name":{"type":"string","description":"Name of the org.","description_kind":"plain","optional":true},"name_method":{"type":"string","description":"Method for querying orgs by name, supported values: TEXT_QUERY_METHOD_EQUALS, TEXT_QUERY_METHOD_EQUALS_IGNORE_CASE, TEXT_QUERY_METHOD_STARTS_WITH, TEXT_QUERY_METHOD_STARTS_WITH_IGNORE_CASE, TEXT_QUERY_METHOD_CONTAINS, TEXT_QUERY_METHOD_CONTAINS_IGNORE_CASE, TEXT_QUERY_METHOD_ENDS_WITH, TEXT_QUERY_METHOD_ENDS_WITH_IGNORE_CASE","description_kind":"plain","optional":true},"primary_domain":{"type":"string","description":"Primary domain of the org","description_kind":"plain","computed":true},"state":{"type":"string","description":"State of the org, supported values: ORG_STATE_UNSPECIFIED, ORG_STATE_ACTIVE, ORG_STATE_INACTIVE, ORG_STATE_REMOVED","description_kind":"plain","optional":true}},"description":"Datasource representing an organization in ZITADEL, which is the highest level after the instance and contains several other resource including policies if the configuration differs to the default policies on the instance.","description_kind":"plain"}},"zitadel_project":{"version":0,"block":{"attributes":{"has_project_check":{"type":"bool","description":"ZITADEL checks if the org of the user has permission to this project","description_kind":"plain","computed":true},"id":{"type":"string","description_kind":"plain","optional":true,"computed":true},"name":{"type":"string","description":"Name of the project","description_kind":"plain","computed":true},"org_id":{"type":"string","description":"ID of the organization","description_kind":"plain","optional":true},"private_labeling_setting":{"type":"string","description":"Defines from where the private labeling should be triggered","description_kind":"plain","computed":true},"project_id":{"type":"string","description":"The ID of this resource.","description_kind":"plain","required":true},"project_role_assertion":{"type":"bool","description":"describes if roles of user should be added in token","description_kind":"plain","computed":true},"project_role_check":{"type":"bool","description":"ZITADEL checks if the user has at least one on this project","description_kind":"plain","computed":true},"state":{"type":"string","description":"State of the project","description_kind":"plain","computed":true}},"description":"Datasource representing the project, which can then be granted to different organizations or users directly, containing different applications.","description_kind":"plain"}},"zitadel_project_role":{"version":0,"block":{"attributes":{"display_name":{"type":"string","description":"Name used for project role","description_kind":"plain","computed":true},"group":{"type":"string","description":"Group used for project role","description_kind":"plain","computed":true},"id":{"type":"string","description_kind":"plain","optional":true,"computed":true},"org_id":{"type":"string","description":"ID of the organization","description_kind":"plain","required":true},"project_id":{"type":"string","description":"ID of the project","description_kind":"plain","required":true},"role_key":{"type":"string","description":"Key used for project role","description_kind":"plain","required":true}},"description":"Datasource representing the project roles, which can be given as authorizations to users.","description_kind":"plain"}},"zitadel_projects":{"version":0,"block":{"attributes":{"id":{"type":"string","description_kind":"plain","optional":true,"computed":true},"name":{"type":"string","description":"Name of the project","description_kind":"plain","required":true},"name_method":{"type":"string","description":"Method for querying projects by name, supported values: TEXT_QUERY_METHOD_EQUALS, TEXT_QUERY_METHOD_EQUALS_IGNORE_CASE, TEXT_QUERY_METHOD_STARTS_WITH, TEXT_QUERY_METHOD_STARTS_WITH_IGNORE_CASE, TEXT_QUERY_METHOD_CONTAINS, TEXT_QUERY_METHOD_CONTAINS_IGNORE_CASE, TEXT_QUERY_METHOD_ENDS_WITH, TEXT_QUERY_METHOD_ENDS_WITH_IGNORE_CASE","description_kind":"plain","optional":true},"org_id":{"type":"string","description":"ID of the organization","description_kind":"plain","optional":true},"project_ids":{"type":["list","string"],"description":"A set of all project IDs.","description_kind":"plain","computed":true}},"description":"Datasource representing the project, which can then be granted to different organizations or users directly, containing different applications.","description_kind":"plain"}},"zitadel_trigger_actions":{"version":0,"block":{"attributes":{"action_ids":{"type":["set","string"],"description":"IDs of the triggered actions","description_kind":"plain","computed":true},"flow_type":{"type":"string","description":"Type of the flow to which the action triggers belong","description_kind":"plain","required":true},"id":{"type":"string","description_kind":"plain","optional":true,"computed":true},"org_id":{"type":"string","description":"ID of the organization","description_kind":"plain","optional":true},"trigger_type":{"type":"string","description":"Trigger type on when the actions get triggered","description_kind":"plain","required":true}},"description":"Resource representing triggers, when actions get started","description_kind":"plain"}}}}}}
